// !$*UTF8*$!
{
	archiveVersion = 1;
	classes = {
	};
	objectVersion = 46;
	objects = {

/* Begin PBXBuildFile section */
		360E961C1DC20D5E005D8C69 /* UserDefaults.swift in Sources */ = {isa = PBXBuildFile; fileRef = 360E961B1DC20D5E005D8C69 /* UserDefaults.swift */; };
		360E961D1DC20EF2005D8C69 /* UserDefaults.swift in Sources */ = {isa = PBXBuildFile; fileRef = 360E961B1DC20D5E005D8C69 /* UserDefaults.swift */; };
		360E961E1DC20EF3005D8C69 /* UserDefaults.swift in Sources */ = {isa = PBXBuildFile; fileRef = 360E961B1DC20D5E005D8C69 /* UserDefaults.swift */; };
		830658E51D536F2E00BA1752 /* Extensions.swift in Sources */ = {isa = PBXBuildFile; fileRef = 830658E41D536F2E00BA1752 /* Extensions.swift */; };
		830B4B261D1C132300F16762 /* ServerManager.swift in Sources */ = {isa = PBXBuildFile; fileRef = 830B4B251D1C132300F16762 /* ServerManager.swift */; };
		830B4B281D1C289A00F16762 /* Sidebar.swift in Sources */ = {isa = PBXBuildFile; fileRef = 830B4B271D1C289A00F16762 /* Sidebar.swift */; };
		830D62CC1D77297800570BFC /* Preferences.swift in Sources */ = {isa = PBXBuildFile; fileRef = 830D62CB1D77297800570BFC /* Preferences.swift */; };
		8324D9AA1D9402A10066DCDB /* Sparkle.framework in Frameworks */ = {isa = PBXBuildFile; fileRef = 831C84AC1D771B4800FA5F59 /* Sparkle.framework */; };
		8324D9AB1D9402A10066DCDB /* Sparkle.framework in Embed Frameworks */ = {isa = PBXBuildFile; fileRef = 831C84AC1D771B4800FA5F59 /* Sparkle.framework */; settings = {ATTRIBUTES = (CodeSignOnCopy, RemoveHeadersOnCopy, ); }; };
		834355B11D7D9DC8007CD457 /* ErrorRecoveryAttempter.m in Sources */ = {isa = PBXBuildFile; fileRef = 83543E271D2136E800F764CB /* ErrorRecoveryAttempter.m */; };
		8348A1ED1DB4ED5E0039A024 /* dsa_pub.pem in Resources */ = {isa = PBXBuildFile; fileRef = 8348A1EC1DB4ED5E0039A024 /* dsa_pub.pem */; };
		8348A1F11DB52E9A0039A024 /* ValueTransformers.swift in Sources */ = {isa = PBXBuildFile; fileRef = 8348A1F01DB52E9A0039A024 /* ValueTransformers.swift */; };
		8348A1F21DB52E9A0039A024 /* ValueTransformers.swift in Sources */ = {isa = PBXBuildFile; fileRef = 8348A1F01DB52E9A0039A024 /* ValueTransformers.swift */; };
		8353FBDE1D1D57C8002F77E7 /* ServerView.swift in Sources */ = {isa = PBXBuildFile; fileRef = 8353FBDD1D1D57C8002F77E7 /* ServerView.swift */; };
		8353FBE01D1D5E4C002F77E7 /* SplitView.swift in Sources */ = {isa = PBXBuildFile; fileRef = 8353FBDF1D1D5E4C002F77E7 /* SplitView.swift */; };
		83543E281D2136E800F764CB /* ErrorRecoveryAttempter.m in Sources */ = {isa = PBXBuildFile; fileRef = 83543E271D2136E800F764CB /* ErrorRecoveryAttempter.m */; };
		8358D53C1D26EBE7007B7904 /* Server.swift in Sources */ = {isa = PBXBuildFile; fileRef = 8358D53B1D26EBE7007B7904 /* Server.swift */; };
		835954281E4A301F00D1F0DF /* PostgresAppScriptable.sdef in Resources */ = {isa = PBXBuildFile; fileRef = 835954271E4A301F00D1F0DF /* PostgresAppScriptable.sdef */; };
		8359542A1E4A30FD00D1F0DF /* ScriptCommands.swift in Sources */ = {isa = PBXBuildFile; fileRef = 835954291E4A30FD00D1F0DF /* ScriptCommands.swift */; };
		836CC37E1D2C62F4000D0C13 /* DatabasesView.swift in Sources */ = {isa = PBXBuildFile; fileRef = 836CC37D1D2C62F4000D0C13 /* DatabasesView.swift */; };
		8372BD3A1D1D9817004EE2C3 /* AddServer.swift in Sources */ = {isa = PBXBuildFile; fileRef = 8372BD391D1D9817004EE2C3 /* AddServer.swift */; };
		838B8D371D649CB30050EF03 /* MainWindowModel.swift in Sources */ = {isa = PBXBuildFile; fileRef = 838B8D361D649CB30050EF03 /* MainWindowModel.swift */; };
		83969DBB1D369BD1005B9F1C /* ClientLauncher.swift in Sources */ = {isa = PBXBuildFile; fileRef = 83969DBA1D369BD1005B9F1C /* ClientLauncher.swift */; };
		83969DC31D36A3EA005B9F1C /* ClientLauncher.applescript in Sources */ = {isa = PBXBuildFile; fileRef = 83969DC21D36A3EA005B9F1C /* ClientLauncher.applescript */; };
		83999C671D7DA3C300B8A1D6 /* PostgresLoginHelper.app in CopyFiles */ = {isa = PBXBuildFile; fileRef = 83C19C2A1D7D977000F4862D /* PostgresLoginHelper.app */; settings = {ATTRIBUTES = (RemoveHeadersOnCopy, ); }; };
		83999C691D7DA42B00B8A1D6 /* PostgresMenuHelper.app in CopyFiles */ = {isa = PBXBuildFile; fileRef = 83C19C4E1D7D9A7D00F4862D /* PostgresMenuHelper.app */; settings = {ATTRIBUTES = (RemoveHeadersOnCopy, ); }; };
		83999C6A1D7DA8DF00B8A1D6 /* Server.swift in Sources */ = {isa = PBXBuildFile; fileRef = 8358D53B1D26EBE7007B7904 /* Server.swift */; };
		83999C6B1D7DA8E300B8A1D6 /* ServerManager.swift in Sources */ = {isa = PBXBuildFile; fileRef = 830B4B251D1C132300F16762 /* ServerManager.swift */; };
		83999C6C1D7DA8EA00B8A1D6 /* Extensions.swift in Sources */ = {isa = PBXBuildFile; fileRef = 830658E41D536F2E00BA1752 /* Extensions.swift */; };
		83999C6D1D7DA9B000B8A1D6 /* ErrorRecoveryAttempter.m in Sources */ = {isa = PBXBuildFile; fileRef = 83543E271D2136E800F764CB /* ErrorRecoveryAttempter.m */; };
		839A38281D88494A00E9591A /* main.swift in Sources */ = {isa = PBXBuildFile; fileRef = 839A38271D88494A00E9591A /* main.swift */; };
		83A544E31D6682C700603068 /* KeyValueObserver.swift in Sources */ = {isa = PBXBuildFile; fileRef = 83A544E21D6682C700603068 /* KeyValueObserver.swift */; };
		83AC34801D80236A002F6982 /* CopyBinaries.sh in Resources */ = {isa = PBXBuildFile; fileRef = 83AC347F1D80236A002F6982 /* CopyBinaries.sh */; };
		83B1A80B1DABE0150091EE7A /* com.postgresapp.Postgres2LoginHelper.plist in Resources */ = {isa = PBXBuildFile; fileRef = 83B1A80A1DABE0150091EE7A /* com.postgresapp.Postgres2LoginHelper.plist */; };
		83BB115A1DB680DA00772E8D /* DnDArrayController.swift in Sources */ = {isa = PBXBuildFile; fileRef = 83BB11591DB680DA00772E8D /* DnDArrayController.swift */; };
		83C19C2D1D7D977000F4862D /* main.swift in Sources */ = {isa = PBXBuildFile; fileRef = 83C19C2C1D7D977000F4862D /* main.swift */; };
		83C19C2F1D7D977000F4862D /* Assets.xcassets in Resources */ = {isa = PBXBuildFile; fileRef = 83C19C2E1D7D977000F4862D /* Assets.xcassets */; };
		83C19C511D7D9A7D00F4862D /* AppDelegate.swift in Sources */ = {isa = PBXBuildFile; fileRef = 83C19C501D7D9A7D00F4862D /* AppDelegate.swift */; };
		83C19C561D7D9A7D00F4862D /* MainMenu.xib in Resources */ = {isa = PBXBuildFile; fileRef = 83C19C541D7D9A7D00F4862D /* MainMenu.xib */; };
		83C19C5C1D7D9AAE00F4862D /* MenuItemView.swift in Sources */ = {isa = PBXBuildFile; fileRef = 83C19C5B1D7D9AAE00F4862D /* MenuItemView.swift */; };
		83C19C621D7D9C2500F4862D /* MenuItemView.xib in Resources */ = {isa = PBXBuildFile; fileRef = 83C19C611D7D9C2500F4862D /* MenuItemView.xib */; };
		83C19C671D7D9CCF00F4862D /* Assets.xcassets in Resources */ = {isa = PBXBuildFile; fileRef = 83C19C661D7D9CCF00F4862D /* Assets.xcassets */; };
		83C19C681D7D9D1900F4862D /* Server.swift in Sources */ = {isa = PBXBuildFile; fileRef = 8358D53B1D26EBE7007B7904 /* Server.swift */; };
		83C19C691D7D9D1E00F4862D /* ServerManager.swift in Sources */ = {isa = PBXBuildFile; fileRef = 830B4B251D1C132300F16762 /* ServerManager.swift */; };
		83C19C6A1D7D9D2300F4862D /* Extensions.swift in Sources */ = {isa = PBXBuildFile; fileRef = 830658E41D536F2E00BA1752 /* Extensions.swift */; };
		83C19C6C1D7D9D2E00F4862D /* KeyValueObserver.swift in Sources */ = {isa = PBXBuildFile; fileRef = 83A544E21D6682C700603068 /* KeyValueObserver.swift */; };
		83F3647E1D5204D30096F1F5 /* SettingsView.swift in Sources */ = {isa = PBXBuildFile; fileRef = 83F3647D1D5204D30096F1F5 /* SettingsView.swift */; };
		83FB571C1D1B05F000A903A3 /* AppDelegate.swift in Sources */ = {isa = PBXBuildFile; fileRef = 83FB571B1D1B05F000A903A3 /* AppDelegate.swift */; };
		83FB57201D1B05F000A903A3 /* Assets.xcassets in Resources */ = {isa = PBXBuildFile; fileRef = 83FB571F1D1B05F000A903A3 /* Assets.xcassets */; };
		83FB57231D1B05F000A903A3 /* Main.storyboard in Resources */ = {isa = PBXBuildFile; fileRef = 83FB57211D1B05F000A903A3 /* Main.storyboard */; };
		83FB573C1D1B18C900A903A3 /* MainWindow.swift in Sources */ = {isa = PBXBuildFile; fileRef = 83FB573B1D1B18C900A903A3 /* MainWindow.swift */; };
/* End PBXBuildFile section */

/* Begin PBXCopyFilesBuildPhase section */
		8324D9AC1D9402A20066DCDB /* Embed Frameworks */ = {
			isa = PBXCopyFilesBuildPhase;
			buildActionMask = 2147483647;
			dstPath = "";
			dstSubfolderSpec = 10;
			files = (
				8324D9AB1D9402A10066DCDB /* Sparkle.framework in Embed Frameworks */,
			);
			name = "Embed Frameworks";
			runOnlyForDeploymentPostprocessing = 0;
		};
		8332859A1D5CBE88001EA003 /* CopyFiles */ = {
			isa = PBXCopyFilesBuildPhase;
			buildActionMask = 2147483647;
			dstPath = Contents/Library/LoginItems;
			dstSubfolderSpec = 1;
			files = (
				83999C671D7DA3C300B8A1D6 /* PostgresLoginHelper.app in CopyFiles */,
			);
			runOnlyForDeploymentPostprocessing = 0;
		};
		83999C681D7DA41600B8A1D6 /* CopyFiles */ = {
			isa = PBXCopyFilesBuildPhase;
			buildActionMask = 2147483647;
			dstPath = "";
			dstSubfolderSpec = 6;
			files = (
				83999C691D7DA42B00B8A1D6 /* PostgresMenuHelper.app in CopyFiles */,
			);
			runOnlyForDeploymentPostprocessing = 0;
		};
/* End PBXCopyFilesBuildPhase section */

/* Begin PBXFileReference section */
		360E961B1DC20D5E005D8C69 /* UserDefaults.swift */ = {isa = PBXFileReference; fileEncoding = 4; lastKnownFileType = sourcecode.swift; path = UserDefaults.swift; sourceTree = "<group>"; };
		830377B71E4C820A008E6896 /* PostgresApplication.h */ = {isa = PBXFileReference; lastKnownFileType = sourcecode.c.h; path = PostgresApplication.h; sourceTree = "<group>"; };
		830658E41D536F2E00BA1752 /* Extensions.swift */ = {isa = PBXFileReference; fileEncoding = 4; lastKnownFileType = sourcecode.swift; path = Extensions.swift; sourceTree = "<group>"; };
		830B4B251D1C132300F16762 /* ServerManager.swift */ = {isa = PBXFileReference; fileEncoding = 4; lastKnownFileType = sourcecode.swift; path = ServerManager.swift; sourceTree = "<group>"; };
		830B4B271D1C289A00F16762 /* Sidebar.swift */ = {isa = PBXFileReference; fileEncoding = 4; lastKnownFileType = sourcecode.swift; lineEnding = 0; path = Sidebar.swift; sourceTree = "<group>"; xcLanguageSpecificationIdentifier = xcode.lang.swift; };
		830D62CB1D77297800570BFC /* Preferences.swift */ = {isa = PBXFileReference; fileEncoding = 4; lastKnownFileType = sourcecode.swift; path = Preferences.swift; sourceTree = "<group>"; };
		831C84AC1D771B4800FA5F59 /* Sparkle.framework */ = {isa = PBXFileReference; lastKnownFileType = wrapper.framework; name = Sparkle.framework; path = Postgres/Vendor/Sparkle.framework; sourceTree = "<group>"; };
		8348A1EC1DB4ED5E0039A024 /* dsa_pub.pem */ = {isa = PBXFileReference; fileEncoding = 4; lastKnownFileType = text; path = dsa_pub.pem; sourceTree = "<group>"; };
		8348A1F01DB52E9A0039A024 /* ValueTransformers.swift */ = {isa = PBXFileReference; fileEncoding = 4; lastKnownFileType = sourcecode.swift; path = ValueTransformers.swift; sourceTree = "<group>"; };
		8353FBDD1D1D57C8002F77E7 /* ServerView.swift */ = {isa = PBXFileReference; fileEncoding = 4; lastKnownFileType = sourcecode.swift; path = ServerView.swift; sourceTree = "<group>"; };
		8353FBDF1D1D5E4C002F77E7 /* SplitView.swift */ = {isa = PBXFileReference; fileEncoding = 4; lastKnownFileType = sourcecode.swift; path = SplitView.swift; sourceTree = "<group>"; };
		83543E251D2136E800F764CB /* Postgres-Bridging-Header.h */ = {isa = PBXFileReference; lastKnownFileType = sourcecode.c.h; path = "Postgres-Bridging-Header.h"; sourceTree = "<group>"; };
		83543E261D2136E800F764CB /* ErrorRecoveryAttempter.h */ = {isa = PBXFileReference; fileEncoding = 4; lastKnownFileType = sourcecode.c.h; path = ErrorRecoveryAttempter.h; sourceTree = "<group>"; };
		83543E271D2136E800F764CB /* ErrorRecoveryAttempter.m */ = {isa = PBXFileReference; fileEncoding = 4; lastKnownFileType = sourcecode.c.objc; path = ErrorRecoveryAttempter.m; sourceTree = "<group>"; };
		8358D53B1D26EBE7007B7904 /* Server.swift */ = {isa = PBXFileReference; fileEncoding = 4; lastKnownFileType = sourcecode.swift; lineEnding = 0; path = Server.swift; sourceTree = "<group>"; xcLanguageSpecificationIdentifier = xcode.lang.swift; };
		835954271E4A301F00D1F0DF /* PostgresAppScriptable.sdef */ = {isa = PBXFileReference; fileEncoding = 4; lastKnownFileType = text; path = PostgresAppScriptable.sdef; sourceTree = "<group>"; };
		835954291E4A30FD00D1F0DF /* ScriptCommands.swift */ = {isa = PBXFileReference; fileEncoding = 4; lastKnownFileType = sourcecode.swift; path = ScriptCommands.swift; sourceTree = "<group>"; };
		836CC37D1D2C62F4000D0C13 /* DatabasesView.swift */ = {isa = PBXFileReference; fileEncoding = 4; lastKnownFileType = sourcecode.swift; path = DatabasesView.swift; sourceTree = "<group>"; };
		8372BD391D1D9817004EE2C3 /* AddServer.swift */ = {isa = PBXFileReference; fileEncoding = 4; lastKnownFileType = sourcecode.swift; path = AddServer.swift; sourceTree = "<group>"; };
		838B8D361D649CB30050EF03 /* MainWindowModel.swift */ = {isa = PBXFileReference; fileEncoding = 4; lastKnownFileType = sourcecode.swift; path = MainWindowModel.swift; sourceTree = "<group>"; };
		83969DBA1D369BD1005B9F1C /* ClientLauncher.swift */ = {isa = PBXFileReference; fileEncoding = 4; lastKnownFileType = sourcecode.swift; path = ClientLauncher.swift; sourceTree = "<group>"; };
		83969DC21D36A3EA005B9F1C /* ClientLauncher.applescript */ = {isa = PBXFileReference; fileEncoding = 4; lastKnownFileType = sourcecode.applescript; path = ClientLauncher.applescript; sourceTree = "<group>"; };
		83999C731D7DAA5B00B8A1D6 /* PostgresLoginHelper-Bridging-Header.h */ = {isa = PBXFileReference; lastKnownFileType = sourcecode.c.h; path = "PostgresLoginHelper-Bridging-Header.h"; sourceTree = "<group>"; };
		839A38271D88494A00E9591A /* main.swift */ = {isa = PBXFileReference; fileEncoding = 4; lastKnownFileType = sourcecode.swift; path = main.swift; sourceTree = "<group>"; };
		83A544E21D6682C700603068 /* KeyValueObserver.swift */ = {isa = PBXFileReference; fileEncoding = 4; lastKnownFileType = sourcecode.swift; path = KeyValueObserver.swift; sourceTree = "<group>"; };
		83AC347F1D80236A002F6982 /* CopyBinaries.sh */ = {isa = PBXFileReference; fileEncoding = 4; lastKnownFileType = text.script.sh; path = CopyBinaries.sh; sourceTree = "<group>"; };
		83B1A80A1DABE0150091EE7A /* com.postgresapp.Postgres2LoginHelper.plist */ = {isa = PBXFileReference; fileEncoding = 4; lastKnownFileType = text.plist.xml; path = com.postgresapp.Postgres2LoginHelper.plist; sourceTree = "<group>"; };
		83BB11591DB680DA00772E8D /* DnDArrayController.swift */ = {isa = PBXFileReference; fileEncoding = 4; lastKnownFileType = sourcecode.swift; path = DnDArrayController.swift; sourceTree = "<group>"; };
		83C19C2A1D7D977000F4862D /* PostgresLoginHelper.app */ = {isa = PBXFileReference; explicitFileType = wrapper.application; includeInIndex = 0; path = PostgresLoginHelper.app; sourceTree = BUILT_PRODUCTS_DIR; };
		83C19C2C1D7D977000F4862D /* main.swift */ = {isa = PBXFileReference; lastKnownFileType = sourcecode.swift; path = main.swift; sourceTree = "<group>"; };
		83C19C2E1D7D977000F4862D /* Assets.xcassets */ = {isa = PBXFileReference; lastKnownFileType = folder.assetcatalog; path = Assets.xcassets; sourceTree = "<group>"; };
		83C19C331D7D977000F4862D /* Info.plist */ = {isa = PBXFileReference; lastKnownFileType = text.plist.xml; path = Info.plist; sourceTree = "<group>"; };
		83C19C4E1D7D9A7D00F4862D /* PostgresMenuHelper.app */ = {isa = PBXFileReference; explicitFileType = wrapper.application; includeInIndex = 0; path = PostgresMenuHelper.app; sourceTree = BUILT_PRODUCTS_DIR; };
		83C19C501D7D9A7D00F4862D /* AppDelegate.swift */ = {isa = PBXFileReference; lastKnownFileType = sourcecode.swift; path = AppDelegate.swift; sourceTree = "<group>"; };
		83C19C551D7D9A7D00F4862D /* Base */ = {isa = PBXFileReference; lastKnownFileType = file.xib; name = Base; path = Base.lproj/MainMenu.xib; sourceTree = "<group>"; };
		83C19C571D7D9A7D00F4862D /* Info.plist */ = {isa = PBXFileReference; lastKnownFileType = text.plist.xml; path = Info.plist; sourceTree = "<group>"; };
		83C19C5B1D7D9AAE00F4862D /* MenuItemView.swift */ = {isa = PBXFileReference; fileEncoding = 4; lastKnownFileType = sourcecode.swift; path = MenuItemView.swift; sourceTree = "<group>"; };
		83C19C611D7D9C2500F4862D /* MenuItemView.xib */ = {isa = PBXFileReference; fileEncoding = 4; lastKnownFileType = file.xib; path = MenuItemView.xib; sourceTree = "<group>"; };
		83C19C631D7D9C6300F4862D /* PostgresMenuHelper-Bridging-Header.h */ = {isa = PBXFileReference; lastKnownFileType = sourcecode.c.h; path = "PostgresMenuHelper-Bridging-Header.h"; sourceTree = "<group>"; };
		83C19C661D7D9CCF00F4862D /* Assets.xcassets */ = {isa = PBXFileReference; lastKnownFileType = folder.assetcatalog; path = Assets.xcassets; sourceTree = "<group>"; };
		83F3647D1D5204D30096F1F5 /* SettingsView.swift */ = {isa = PBXFileReference; fileEncoding = 4; lastKnownFileType = sourcecode.swift; path = SettingsView.swift; sourceTree = "<group>"; };
		83FB57181D1B05F000A903A3 /* Postgres.app */ = {isa = PBXFileReference; explicitFileType = wrapper.application; includeInIndex = 0; path = Postgres.app; sourceTree = BUILT_PRODUCTS_DIR; };
		83FB571B1D1B05F000A903A3 /* AppDelegate.swift */ = {isa = PBXFileReference; lastKnownFileType = sourcecode.swift; path = AppDelegate.swift; sourceTree = "<group>"; };
		83FB571F1D1B05F000A903A3 /* Assets.xcassets */ = {isa = PBXFileReference; lastKnownFileType = folder.assetcatalog; path = Assets.xcassets; sourceTree = "<group>"; };
		83FB57221D1B05F000A903A3 /* Base */ = {isa = PBXFileReference; lastKnownFileType = file.storyboard; name = Base; path = Base.lproj/Main.storyboard; sourceTree = "<group>"; };
		83FB57241D1B05F000A903A3 /* Info.plist */ = {isa = PBXFileReference; lastKnownFileType = text.plist.xml; path = Info.plist; sourceTree = "<group>"; };
		83FB573B1D1B18C900A903A3 /* MainWindow.swift */ = {isa = PBXFileReference; fileEncoding = 4; lastKnownFileType = sourcecode.swift; path = MainWindow.swift; sourceTree = "<group>"; };
/* End PBXFileReference section */

/* Begin PBXFrameworksBuildPhase section */
		83C19C271D7D977000F4862D /* Frameworks */ = {
			isa = PBXFrameworksBuildPhase;
			buildActionMask = 2147483647;
			files = (
			);
			runOnlyForDeploymentPostprocessing = 0;
		};
		83C19C4B1D7D9A7D00F4862D /* Frameworks */ = {
			isa = PBXFrameworksBuildPhase;
			buildActionMask = 2147483647;
			files = (
			);
			runOnlyForDeploymentPostprocessing = 0;
		};
		83FB57151D1B05F000A903A3 /* Frameworks */ = {
			isa = PBXFrameworksBuildPhase;
			buildActionMask = 2147483647;
			files = (
				8324D9AA1D9402A10066DCDB /* Sparkle.framework in Frameworks */,
			);
			runOnlyForDeploymentPostprocessing = 0;
		};
/* End PBXFrameworksBuildPhase section */

/* Begin PBXGroup section */
		836CC37F1D2D6A0D000D0C13 /* Frameworks */ = {
			isa = PBXGroup;
			children = (
				831C84AC1D771B4800FA5F59 /* Sparkle.framework */,
			);
			name = Frameworks;
			sourceTree = "<group>";
		};
		83C19C2B1D7D977000F4862D /* PostgresLoginHelper */ = {
			isa = PBXGroup;
			children = (
				83C19C2C1D7D977000F4862D /* main.swift */,
				83C19C2E1D7D977000F4862D /* Assets.xcassets */,
				83C19C331D7D977000F4862D /* Info.plist */,
				83999C731D7DAA5B00B8A1D6 /* PostgresLoginHelper-Bridging-Header.h */,
			);
			path = PostgresLoginHelper;
			sourceTree = "<group>";
		};
		83C19C4F1D7D9A7D00F4862D /* PostgresMenuHelper */ = {
			isa = PBXGroup;
			children = (
				83C19C501D7D9A7D00F4862D /* AppDelegate.swift */,
				83C19C5B1D7D9AAE00F4862D /* MenuItemView.swift */,
				83C19C661D7D9CCF00F4862D /* Assets.xcassets */,
				83C19C541D7D9A7D00F4862D /* MainMenu.xib */,
				83C19C611D7D9C2500F4862D /* MenuItemView.xib */,
				83C19C571D7D9A7D00F4862D /* Info.plist */,
				83C19C631D7D9C6300F4862D /* PostgresMenuHelper-Bridging-Header.h */,
				830377B71E4C820A008E6896 /* PostgresApplication.h */,
			);
			path = PostgresMenuHelper;
			sourceTree = "<group>";
		};
		83FB570F1D1B05F000A903A3 = {
			isa = PBXGroup;
			children = (
				83FB571A1D1B05F000A903A3 /* Postgres */,
				83C19C2B1D7D977000F4862D /* PostgresLoginHelper */,
				83C19C4F1D7D9A7D00F4862D /* PostgresMenuHelper */,
				83FB57191D1B05F000A903A3 /* Products */,
				836CC37F1D2D6A0D000D0C13 /* Frameworks */,
			);
			sourceTree = "<group>";
		};
		83FB57191D1B05F000A903A3 /* Products */ = {
			isa = PBXGroup;
			children = (
				83FB57181D1B05F000A903A3 /* Postgres.app */,
				83C19C2A1D7D977000F4862D /* PostgresLoginHelper.app */,
				83C19C4E1D7D9A7D00F4862D /* PostgresMenuHelper.app */,
			);
			name = Products;
			sourceTree = "<group>";
		};
		83FB571A1D1B05F000A903A3 /* Postgres */ = {
			isa = PBXGroup;
			children = (
				839A38271D88494A00E9591A /* main.swift */,
				83FB571B1D1B05F000A903A3 /* AppDelegate.swift */,
				83FB573B1D1B18C900A903A3 /* MainWindow.swift */,
				838B8D361D649CB30050EF03 /* MainWindowModel.swift */,
				8353FBDF1D1D5E4C002F77E7 /* SplitView.swift */,
				8353FBDD1D1D57C8002F77E7 /* ServerView.swift */,
				836CC37D1D2C62F4000D0C13 /* DatabasesView.swift */,
				830B4B271D1C289A00F16762 /* Sidebar.swift */,
				8372BD391D1D9817004EE2C3 /* AddServer.swift */,
				83F3647D1D5204D30096F1F5 /* SettingsView.swift */,
				8358D53B1D26EBE7007B7904 /* Server.swift */,
				830B4B251D1C132300F16762 /* ServerManager.swift */,
				360E961B1DC20D5E005D8C69 /* UserDefaults.swift */,
				830658E41D536F2E00BA1752 /* Extensions.swift */,
				83A544E21D6682C700603068 /* KeyValueObserver.swift */,
				830D62CB1D77297800570BFC /* Preferences.swift */,
				83969DBA1D369BD1005B9F1C /* ClientLauncher.swift */,
				8348A1F01DB52E9A0039A024 /* ValueTransformers.swift */,
				83BB11591DB680DA00772E8D /* DnDArrayController.swift */,
				83543E261D2136E800F764CB /* ErrorRecoveryAttempter.h */,
				83543E271D2136E800F764CB /* ErrorRecoveryAttempter.m */,
				83969DC21D36A3EA005B9F1C /* ClientLauncher.applescript */,
				835954271E4A301F00D1F0DF /* PostgresAppScriptable.sdef */,
				835954291E4A30FD00D1F0DF /* ScriptCommands.swift */,
				83FB571F1D1B05F000A903A3 /* Assets.xcassets */,
				83FB57211D1B05F000A903A3 /* Main.storyboard */,
				83FB57241D1B05F000A903A3 /* Info.plist */,
				83543E251D2136E800F764CB /* Postgres-Bridging-Header.h */,
				83AC347F1D80236A002F6982 /* CopyBinaries.sh */,
				83B1A80A1DABE0150091EE7A /* com.postgresapp.Postgres2LoginHelper.plist */,
				8348A1EC1DB4ED5E0039A024 /* dsa_pub.pem */,
			);
			path = Postgres;
			sourceTree = "<group>";
		};
/* End PBXGroup section */

/* Begin PBXNativeTarget section */
		83C19C291D7D977000F4862D /* PostgresLoginHelper */ = {
			isa = PBXNativeTarget;
			buildConfigurationList = 83C19C361D7D977000F4862D /* Build configuration list for PBXNativeTarget "PostgresLoginHelper" */;
			buildPhases = (
				83C19C261D7D977000F4862D /* Sources */,
				83C19C271D7D977000F4862D /* Frameworks */,
				83C19C281D7D977000F4862D /* Resources */,
			);
			buildRules = (
			);
			dependencies = (
			);
			name = PostgresLoginHelper;
			productName = PostgresLoginHelper;
			productReference = 83C19C2A1D7D977000F4862D /* PostgresLoginHelper.app */;
			productType = "com.apple.product-type.application";
		};
		83C19C4D1D7D9A7D00F4862D /* PostgresMenuHelper */ = {
			isa = PBXNativeTarget;
			buildConfigurationList = 83C19C581D7D9A7D00F4862D /* Build configuration list for PBXNativeTarget "PostgresMenuHelper" */;
			buildPhases = (
				83C19C4A1D7D9A7D00F4862D /* Sources */,
				83C19C4B1D7D9A7D00F4862D /* Frameworks */,
				83C19C4C1D7D9A7D00F4862D /* Resources */,
			);
			buildRules = (
			);
			dependencies = (
			);
			name = PostgresMenuHelper;
			productName = PostgresMenuHelper;
			productReference = 83C19C4E1D7D9A7D00F4862D /* PostgresMenuHelper.app */;
			productType = "com.apple.product-type.application";
		};
		83FB57171D1B05F000A903A3 /* Postgres */ = {
			isa = PBXNativeTarget;
			buildConfigurationList = 83FB57271D1B05F000A903A3 /* Build configuration list for PBXNativeTarget "Postgres" */;
			buildPhases = (
				83FB57141D1B05F000A903A3 /* Sources */,
				83FB57151D1B05F000A903A3 /* Frameworks */,
				83FB57161D1B05F000A903A3 /* Resources */,
				8332859A1D5CBE88001EA003 /* CopyFiles */,
				36BF586A1D771E62002CB485 /* Copy PostgreSQL Executables, Libraries, etc. */,
				83999C681D7DA41600B8A1D6 /* CopyFiles */,
				83DAAECA1D92DBD500D5BC3C /* ShellScript */,
				8324D9AC1D9402A20066DCDB /* Embed Frameworks */,
			);
			buildRules = (
			);
			dependencies = (
			);
			name = Postgres;
			productName = Postgres;
			productReference = 83FB57181D1B05F000A903A3 /* Postgres.app */;
			productType = "com.apple.product-type.application";
		};
/* End PBXNativeTarget section */

/* Begin PBXProject section */
		83FB57101D1B05F000A903A3 /* Project object */ = {
			isa = PBXProject;
			attributes = {
				LastSwiftUpdateCheck = 0800;
				LastUpgradeCheck = 0820;
				ORGANIZATIONNAME = postgresapp;
				TargetAttributes = {
					83C19C291D7D977000F4862D = {
						CreatedOnToolsVersion = 8.0;
						DevelopmentTeam = 4LRBA67NV4;
						ProvisioningStyle = Automatic;
					};
					83C19C4D1D7D9A7D00F4862D = {
						CreatedOnToolsVersion = 8.0;
						DevelopmentTeam = 4LRBA67NV4;
						LastSwiftMigration = 0800;
						ProvisioningStyle = Automatic;
					};
					83FB57171D1B05F000A903A3 = {
						CreatedOnToolsVersion = 8.0;
						DevelopmentTeam = 4LRBA67NV4;
						LastSwiftMigration = 0800;
						ProvisioningStyle = Automatic;
					};
				};
			};
			buildConfigurationList = 83FB57131D1B05F000A903A3 /* Build configuration list for PBXProject "Postgres" */;
			compatibilityVersion = "Xcode 3.2";
			developmentRegion = English;
			hasScannedForEncodings = 0;
			knownRegions = (
				en,
				Base,
			);
			mainGroup = 83FB570F1D1B05F000A903A3;
			productRefGroup = 83FB57191D1B05F000A903A3 /* Products */;
			projectDirPath = "";
			projectRoot = "";
			targets = (
				83FB57171D1B05F000A903A3 /* Postgres */,
				83C19C291D7D977000F4862D /* PostgresLoginHelper */,
				83C19C4D1D7D9A7D00F4862D /* PostgresMenuHelper */,
			);
		};
/* End PBXProject section */

/* Begin PBXResourcesBuildPhase section */
		83C19C281D7D977000F4862D /* Resources */ = {
			isa = PBXResourcesBuildPhase;
			buildActionMask = 2147483647;
			files = (
				83C19C2F1D7D977000F4862D /* Assets.xcassets in Resources */,
			);
			runOnlyForDeploymentPostprocessing = 0;
		};
		83C19C4C1D7D9A7D00F4862D /* Resources */ = {
			isa = PBXResourcesBuildPhase;
			buildActionMask = 2147483647;
			files = (
				83C19C561D7D9A7D00F4862D /* MainMenu.xib in Resources */,
				83C19C671D7D9CCF00F4862D /* Assets.xcassets in Resources */,
				83C19C621D7D9C2500F4862D /* MenuItemView.xib in Resources */,
			);
			runOnlyForDeploymentPostprocessing = 0;
		};
		83FB57161D1B05F000A903A3 /* Resources */ = {
			isa = PBXResourcesBuildPhase;
			buildActionMask = 2147483647;
			files = (
				8348A1ED1DB4ED5E0039A024 /* dsa_pub.pem in Resources */,
				835954281E4A301F00D1F0DF /* PostgresAppScriptable.sdef in Resources */,
				83FB57201D1B05F000A903A3 /* Assets.xcassets in Resources */,
				83FB57231D1B05F000A903A3 /* Main.storyboard in Resources */,
				83B1A80B1DABE0150091EE7A /* com.postgresapp.Postgres2LoginHelper.plist in Resources */,
				83AC34801D80236A002F6982 /* CopyBinaries.sh in Resources */,
			);
			runOnlyForDeploymentPostprocessing = 0;
		};
/* End PBXResourcesBuildPhase section */

/* Begin PBXShellScriptBuildPhase section */
		36BF586A1D771E62002CB485 /* Copy PostgreSQL Executables, Libraries, etc. */ = {
			isa = PBXShellScriptBuildPhase;
			buildActionMask = 2147483647;
			files = (
			);
			inputPaths = (
			);
			name = "Copy PostgreSQL Executables, Libraries, etc.";
			outputPaths = (
			);
			runOnlyForDeploymentPostprocessing = 0;
			shellPath = /bin/bash;
			shellScript = "source \"${SRCROOT}\"/Postgres/CopyBinaries.sh";
		};
		83DAAECA1D92DBD500D5BC3C /* ShellScript */ = {
			isa = PBXShellScriptBuildPhase;
			buildActionMask = 2147483647;
			files = (
			);
			inputPaths = (
			);
			outputPaths = (
			);
			runOnlyForDeploymentPostprocessing = 0;
			shellPath = /bin/bash;
			shellScript = "set -e\nrm -rf \"$BUILT_PRODUCTS_DIR/$CONTENTS_FOLDER_PATH/Library/LoginItems/PostgresLoginHelper.app/Contents/Frameworks\"\nrm -rf \"$BUILT_PRODUCTS_DIR/$CONTENTS_FOLDER_PATH/MacOS/PostgresMenuHelper.app/Contents/Frameworks\"";
		};
/* End PBXShellScriptBuildPhase section */

/* Begin PBXSourcesBuildPhase section */
		83C19C261D7D977000F4862D /* Sources */ = {
			isa = PBXSourcesBuildPhase;
			buildActionMask = 2147483647;
			files = (
				83999C6A1D7DA8DF00B8A1D6 /* Server.swift in Sources */,
				83999C6D1D7DA9B000B8A1D6 /* ErrorRecoveryAttempter.m in Sources */,
				360E961D1DC20EF2005D8C69 /* UserDefaults.swift in Sources */,
				83999C6B1D7DA8E300B8A1D6 /* ServerManager.swift in Sources */,
				83C19C2D1D7D977000F4862D /* main.swift in Sources */,
				83999C6C1D7DA8EA00B8A1D6 /* Extensions.swift in Sources */,
			);
			runOnlyForDeploymentPostprocessing = 0;
		};
		83C19C4A1D7D9A7D00F4862D /* Sources */ = {
			isa = PBXSourcesBuildPhase;
			buildActionMask = 2147483647;
			files = (
				83C19C6A1D7D9D2300F4862D /* Extensions.swift in Sources */,
				834355B11D7D9DC8007CD457 /* ErrorRecoveryAttempter.m in Sources */,
				83C19C691D7D9D1E00F4862D /* ServerManager.swift in Sources */,
				83C19C5C1D7D9AAE00F4862D /* MenuItemView.swift in Sources */,
				83C19C681D7D9D1900F4862D /* Server.swift in Sources */,
				360E961E1DC20EF3005D8C69 /* UserDefaults.swift in Sources */,
				8348A1F21DB52E9A0039A024 /* ValueTransformers.swift in Sources */,
				83C19C6C1D7D9D2E00F4862D /* KeyValueObserver.swift in Sources */,
				83C19C511D7D9A7D00F4862D /* AppDelegate.swift in Sources */,
			);
			runOnlyForDeploymentPostprocessing = 0;
		};
		83FB57141D1B05F000A903A3 /* Sources */ = {
			isa = PBXSourcesBuildPhase;
			buildActionMask = 2147483647;
			files = (
				830B4B261D1C132300F16762 /* ServerManager.swift in Sources */,
				83FB571C1D1B05F000A903A3 /* AppDelegate.swift in Sources */,
				839A38281D88494A00E9591A /* main.swift in Sources */,
				8353FBE01D1D5E4C002F77E7 /* SplitView.swift in Sources */,
				83969DC31D36A3EA005B9F1C /* ClientLauncher.applescript in Sources */,
				360E961C1DC20D5E005D8C69 /* UserDefaults.swift in Sources */,
				830B4B281D1C289A00F16762 /* Sidebar.swift in Sources */,
				83FB573C1D1B18C900A903A3 /* MainWindow.swift in Sources */,
				8359542A1E4A30FD00D1F0DF /* ScriptCommands.swift in Sources */,
				83F3647E1D5204D30096F1F5 /* SettingsView.swift in Sources */,
				83A544E31D6682C700603068 /* KeyValueObserver.swift in Sources */,
				830D62CC1D77297800570BFC /* Preferences.swift in Sources */,
				8358D53C1D26EBE7007B7904 /* Server.swift in Sources */,
				83543E281D2136E800F764CB /* ErrorRecoveryAttempter.m in Sources */,
				8348A1F11DB52E9A0039A024 /* ValueTransformers.swift in Sources */,
				83969DBB1D369BD1005B9F1C /* ClientLauncher.swift in Sources */,
				838B8D371D649CB30050EF03 /* MainWindowModel.swift in Sources */,
				830658E51D536F2E00BA1752 /* Extensions.swift in Sources */,
				8372BD3A1D1D9817004EE2C3 /* AddServer.swift in Sources */,
				836CC37E1D2C62F4000D0C13 /* DatabasesView.swift in Sources */,
				8353FBDE1D1D57C8002F77E7 /* ServerView.swift in Sources */,
				83BB115A1DB680DA00772E8D /* DnDArrayController.swift in Sources */,
			);
			runOnlyForDeploymentPostprocessing = 0;
		};
/* End PBXSourcesBuildPhase section */

/* Begin PBXVariantGroup section */
		83C19C541D7D9A7D00F4862D /* MainMenu.xib */ = {
			isa = PBXVariantGroup;
			children = (
				83C19C551D7D9A7D00F4862D /* Base */,
			);
			name = MainMenu.xib;
			sourceTree = "<group>";
		};
		83FB57211D1B05F000A903A3 /* Main.storyboard */ = {
			isa = PBXVariantGroup;
			children = (
				83FB57221D1B05F000A903A3 /* Base */,
			);
			name = Main.storyboard;
			sourceTree = "<group>";
		};
/* End PBXVariantGroup section */

/* Begin XCBuildConfiguration section */
		83C19C341D7D977000F4862D /* Debug */ = {
			isa = XCBuildConfiguration;
			buildSettings = {
				ASSETCATALOG_COMPILER_APPICON_NAME = AppIcon;
				CLANG_WARN_INFINITE_RECURSION = YES;
				CLANG_WARN_SUSPICIOUS_MOVES = YES;
				COMBINE_HIDPI_IMAGES = YES;
				DEVELOPMENT_TEAM = 4LRBA67NV4;
				INFOPLIST_FILE = PostgresLoginHelper/Info.plist;
				LD_RUNPATH_SEARCH_PATHS = "$(inherited) @executable_path/../../../../../Frameworks";
				PRODUCT_BUNDLE_IDENTIFIER = com.postgresapp.Postgres2LoginHelper;
				PRODUCT_NAME = "$(TARGET_NAME)";
				SKIP_INSTALL = YES;
				SWIFT_OBJC_BRIDGING_HEADER = "PostgresLoginHelper/PostgresLoginHelper-Bridging-Header.h";
				SWIFT_VERSION = 3.0;
			};
			name = Debug;
		};
		83C19C351D7D977000F4862D /* Release */ = {
			isa = XCBuildConfiguration;
			buildSettings = {
				ASSETCATALOG_COMPILER_APPICON_NAME = AppIcon;
				CLANG_WARN_INFINITE_RECURSION = YES;
				CLANG_WARN_SUSPICIOUS_MOVES = YES;
				COMBINE_HIDPI_IMAGES = YES;
				DEVELOPMENT_TEAM = 4LRBA67NV4;
				INFOPLIST_FILE = PostgresLoginHelper/Info.plist;
				LD_RUNPATH_SEARCH_PATHS = "$(inherited) @executable_path/../../../../../Frameworks";
				PRODUCT_BUNDLE_IDENTIFIER = com.postgresapp.Postgres2LoginHelper;
				PRODUCT_NAME = "$(TARGET_NAME)";
				SKIP_INSTALL = YES;
				SWIFT_OBJC_BRIDGING_HEADER = "PostgresLoginHelper/PostgresLoginHelper-Bridging-Header.h";
				SWIFT_VERSION = 3.0;
			};
			name = Release;
		};
		83C19C591D7D9A7D00F4862D /* Debug */ = {
			isa = XCBuildConfiguration;
			buildSettings = {
				ASSETCATALOG_COMPILER_APPICON_NAME = AppIcon;
				CLANG_ENABLE_MODULES = YES;
				CLANG_WARN_INFINITE_RECURSION = YES;
				CLANG_WARN_SUSPICIOUS_MOVES = YES;
				COMBINE_HIDPI_IMAGES = YES;
				DEVELOPMENT_TEAM = 4LRBA67NV4;
				INFOPLIST_FILE = PostgresMenuHelper/Info.plist;
				LD_RUNPATH_SEARCH_PATHS = "$(inherited) @executable_path/../Frameworks @executable_path/../../../../Frameworks";
				PRODUCT_BUNDLE_IDENTIFIER = com.postgresapp.Postgres2MenuHelper;
				PRODUCT_NAME = "$(TARGET_NAME)";
				SKIP_INSTALL = YES;
				SWIFT_OBJC_BRIDGING_HEADER = "PostgresMenuHelper/PostgresMenuHelper-Bridging-Header.h";
				SWIFT_OPTIMIZATION_LEVEL = "-Onone";
				SWIFT_VERSION = 3.0;
			};
			name = Debug;
		};
		83C19C5A1D7D9A7D00F4862D /* Release */ = {
			isa = XCBuildConfiguration;
			buildSettings = {
				ASSETCATALOG_COMPILER_APPICON_NAME = AppIcon;
				CLANG_ENABLE_MODULES = YES;
				CLANG_WARN_INFINITE_RECURSION = YES;
				CLANG_WARN_SUSPICIOUS_MOVES = YES;
				COMBINE_HIDPI_IMAGES = YES;
				DEVELOPMENT_TEAM = 4LRBA67NV4;
				INFOPLIST_FILE = PostgresMenuHelper/Info.plist;
				LD_RUNPATH_SEARCH_PATHS = "$(inherited) @executable_path/../../../../Frameworks";
				PRODUCT_BUNDLE_IDENTIFIER = com.postgresapp.Postgres2MenuHelper;
				PRODUCT_NAME = "$(TARGET_NAME)";
				SKIP_INSTALL = YES;
				SWIFT_OBJC_BRIDGING_HEADER = "PostgresMenuHelper/PostgresMenuHelper-Bridging-Header.h";
				SWIFT_VERSION = 3.0;
			};
			name = Release;
		};
		83FB57251D1B05F000A903A3 /* Debug */ = {
			isa = XCBuildConfiguration;
			buildSettings = {
				ALWAYS_SEARCH_USER_PATHS = NO;
				CLANG_ANALYZER_NONNULL = YES;
				CLANG_CXX_LANGUAGE_STANDARD = "gnu++0x";
				CLANG_CXX_LIBRARY = "libc++";
				CLANG_ENABLE_MODULES = YES;
				CLANG_ENABLE_OBJC_ARC = YES;
				CLANG_WARN_BOOL_CONVERSION = YES;
				CLANG_WARN_CONSTANT_CONVERSION = YES;
				CLANG_WARN_DIRECT_OBJC_ISA_USAGE = YES_ERROR;
				CLANG_WARN_DOCUMENTATION_COMMENTS = YES;
				CLANG_WARN_EMPTY_BODY = YES;
				CLANG_WARN_ENUM_CONVERSION = YES;
				CLANG_WARN_INFINITE_RECURSION = YES;
				CLANG_WARN_INT_CONVERSION = YES;
				CLANG_WARN_OBJC_ROOT_CLASS = YES_ERROR;
				CLANG_WARN_SUSPICIOUS_MOVE = YES;
				CLANG_WARN_UNREACHABLE_CODE = YES;
				CLANG_WARN__DUPLICATE_METHOD_MATCH = YES;
				CODE_SIGN_IDENTITY = "Mac Developer";
				COPY_PHASE_STRIP = NO;
				DEBUG_INFORMATION_FORMAT = dwarf;
				ENABLE_STRICT_OBJC_MSGSEND = YES;
				ENABLE_TESTABILITY = YES;
				GCC_C_LANGUAGE_STANDARD = gnu99;
				GCC_DYNAMIC_NO_PIC = NO;
				GCC_NO_COMMON_BLOCKS = YES;
				GCC_OPTIMIZATION_LEVEL = 0;
				GCC_PREPROCESSOR_DEFINITIONS = (
					"DEBUG=1",
					"$(inherited)",
				);
				GCC_WARN_64_TO_32_BIT_CONVERSION = YES;
				GCC_WARN_ABOUT_RETURN_TYPE = YES_ERROR;
				GCC_WARN_UNDECLARED_SELECTOR = YES;
				GCC_WARN_UNINITIALIZED_AUTOS = YES_AGGRESSIVE;
				GCC_WARN_UNUSED_FUNCTION = YES;
				GCC_WARN_UNUSED_VARIABLE = YES;
				HEADER_SEARCH_PATHS = /Applications/Postgres.app/Contents/Versions/latest/include;
				LIBRARY_SEARCH_PATHS = /Applications/Postgres.app/Contents/Versions/latest/lib;
				LATEST_STABLE_PG_VERSION = 10;
				MACOSX_DEPLOYMENT_TARGET = 10.10;
				MTL_ENABLE_DEBUG_INFO = YES;
				ONLY_ACTIVE_ARCH = YES;
				OTHER_LDFLAGS = "-lpq";
				POSTGRESAPP_BUILD_VERSION = 43;
				POSTGRESAPP_SHORT_VERSION = 2.1.4;
				SDKROOT = macosx;
				SWIFT_ACTIVE_COMPILATION_CONDITIONS = DEBUG;
				SWIFT_OPTIMIZATION_LEVEL = "-Onone";
			};
			name = Debug;
		};
		83FB57261D1B05F000A903A3 /* Release */ = {
			isa = XCBuildConfiguration;
			buildSettings = {
				ALWAYS_SEARCH_USER_PATHS = NO;
				CLANG_ANALYZER_NONNULL = YES;
				CLANG_CXX_LANGUAGE_STANDARD = "gnu++0x";
				CLANG_CXX_LIBRARY = "libc++";
				CLANG_ENABLE_MODULES = YES;
				CLANG_ENABLE_OBJC_ARC = YES;
				CLANG_WARN_BOOL_CONVERSION = YES;
				CLANG_WARN_CONSTANT_CONVERSION = YES;
				CLANG_WARN_DIRECT_OBJC_ISA_USAGE = YES_ERROR;
				CLANG_WARN_DOCUMENTATION_COMMENTS = YES;
				CLANG_WARN_EMPTY_BODY = YES;
				CLANG_WARN_ENUM_CONVERSION = YES;
				CLANG_WARN_INFINITE_RECURSION = YES;
				CLANG_WARN_INT_CONVERSION = YES;
				CLANG_WARN_OBJC_ROOT_CLASS = YES_ERROR;
				CLANG_WARN_SUSPICIOUS_MOVE = YES;
				CLANG_WARN_UNREACHABLE_CODE = YES;
				CLANG_WARN__DUPLICATE_METHOD_MATCH = YES;
				CODE_SIGN_IDENTITY = "Mac Developer";
				COPY_PHASE_STRIP = NO;
				DEBUG_INFORMATION_FORMAT = "dwarf-with-dsym";
				ENABLE_NS_ASSERTIONS = NO;
				ENABLE_STRICT_OBJC_MSGSEND = YES;
				GCC_C_LANGUAGE_STANDARD = gnu99;
				GCC_NO_COMMON_BLOCKS = YES;
				GCC_WARN_64_TO_32_BIT_CONVERSION = YES;
				GCC_WARN_ABOUT_RETURN_TYPE = YES_ERROR;
				GCC_WARN_UNDECLARED_SELECTOR = YES;
				GCC_WARN_UNINITIALIZED_AUTOS = YES_AGGRESSIVE;
				GCC_WARN_UNUSED_FUNCTION = YES;
				GCC_WARN_UNUSED_VARIABLE = YES;
				HEADER_SEARCH_PATHS = /Applications/Postgres.app/Contents/Versions/latest/include;
				LIBRARY_SEARCH_PATHS = /Applications/Postgres.app/Contents/Versions/latest/lib;
				LATEST_STABLE_PG_VERSION = 10;
				MACOSX_DEPLOYMENT_TARGET = 10.10;
				MTL_ENABLE_DEBUG_INFO = NO;
				OTHER_LDFLAGS = "-lpq";
				POSTGRESAPP_BUILD_VERSION = 43;
				POSTGRESAPP_SHORT_VERSION = 2.1.4;
				SDKROOT = macosx;
				SWIFT_OPTIMIZATION_LEVEL = "-Owholemodule";
			};
			name = Release;
		};
		83FB57281D1B05F000A903A3 /* Debug */ = {
			isa = XCBuildConfiguration;
			buildSettings = {
				ASSETCATALOG_COMPILER_APPICON_NAME = AppIcon;
				CLANG_ENABLE_MODULES = YES;
				COMBINE_HIDPI_IMAGES = YES;
				DEVELOPMENT_TEAM = 4LRBA67NV4;
				FRAMEWORK_SEARCH_PATHS = (
					"$(inherited)",
					"$(PROJECT_DIR)",
					"$(PROJECT_DIR)/Postgres/Vendor",
				);
				INFOPLIST_FILE = Postgres/Info.plist;
				LD_RUNPATH_SEARCH_PATHS = "$(inherited) @executable_path/../Frameworks";
				PRODUCT_BUNDLE_IDENTIFIER = com.postgresapp.Postgres2;
				PRODUCT_NAME = "$(TARGET_NAME)";
				SWIFT_OBJC_BRIDGING_HEADER = "Postgres/Postgres-Bridging-Header.h";
				SWIFT_OPTIMIZATION_LEVEL = "-Onone";
				SWIFT_VERSION = 3.0;
			};
			name = Debug;
		};
		83FB57291D1B05F000A903A3 /* Release */ = {
			isa = XCBuildConfiguration;
			buildSettings = {
				ASSETCATALOG_COMPILER_APPICON_NAME = AppIcon;
				CLANG_ENABLE_MODULES = YES;
				COMBINE_HIDPI_IMAGES = YES;
				DEVELOPMENT_TEAM = 4LRBA67NV4;
				FRAMEWORK_SEARCH_PATHS = (
					"$(inherited)",
					"$(PROJECT_DIR)",
					"$(PROJECT_DIR)/Postgres/Vendor",
				);
				INFOPLIST_FILE = Postgres/Info.plist;
				LD_RUNPATH_SEARCH_PATHS = "$(inherited) @executable_path/../Frameworks";
				PRODUCT_BUNDLE_IDENTIFIER = com.postgresapp.Postgres2;
				PRODUCT_NAME = "$(TARGET_NAME)";
				SWIFT_OBJC_BRIDGING_HEADER = "Postgres/Postgres-Bridging-Header.h";
				SWIFT_VERSION = 3.0;
			};
			name = Release;
		};
/* End XCBuildConfiguration section */

/* Begin XCConfigurationList section */
		83C19C361D7D977000F4862D /* Build configuration list for PBXNativeTarget "PostgresLoginHelper" */ = {
			isa = XCConfigurationList;
			buildConfigurations = (
				83C19C341D7D977000F4862D /* Debug */,
				83C19C351D7D977000F4862D /* Release */,
			);
			defaultConfigurationIsVisible = 0;
			defaultConfigurationName = Release;
		};
		83C19C581D7D9A7D00F4862D /* Build configuration list for PBXNativeTarget "PostgresMenuHelper" */ = {
			isa = XCConfigurationList;
			buildConfigurations = (
				83C19C591D7D9A7D00F4862D /* Debug */,
				83C19C5A1D7D9A7D00F4862D /* Release */,
			);
			defaultConfigurationIsVisible = 0;
			defaultConfigurationName = Release;
		};
		83FB57131D1B05F000A903A3 /* Build configuration list for PBXProject "Postgres" */ = {
			isa = XCConfigurationList;
			buildConfigurations = (
				83FB57251D1B05F000A903A3 /* Debug */,
				83FB57261D1B05F000A903A3 /* Release */,
			);
			defaultConfigurationIsVisible = 0;
			defaultConfigurationName = Release;
		};
		83FB57271D1B05F000A903A3 /* Build configuration list for PBXNativeTarget "Postgres" */ = {
			isa = XCConfigurationList;
			buildConfigurations = (
				83FB57281D1B05F000A903A3 /* Debug */,
				83FB57291D1B05F000A903A3 /* Release */,
			);
			defaultConfigurationIsVisible = 0;
			defaultConfigurationName = Release;
		};
/* End XCConfigurationList section */
	};
	rootObject = 83FB57101D1B05F000A903A3 /* Project object */;
}
