// !$*UTF8*$!
{
	archiveVersion = 1;
	classes = {
	};
	objectVersion = 46;
	objects = {

/* Begin PBXBuildFile section */
		0710E97D1639ADD7006D7FB2 /* status-off@2x.png in Resources */ = {isa = PBXBuildFile; fileRef = 0710E9791639ADD7006D7FB2 /* status-off@2x.png */; };
		0710E97F1639ADD7006D7FB2 /* status-on@2x.png in Resources */ = {isa = PBXBuildFile; fileRef = 0710E97B1639ADD7006D7FB2 /* status-on@2x.png */; };
		3609DA081853B31F00665ED2 /* ScriptingBridge.framework in Frameworks */ = {isa = PBXBuildFile; fileRef = 3609DA071853B31F00665ED2 /* ScriptingBridge.framework */; };
		36B958C41861AE88007BBB36 /* PGApplicationMover.m in Sources */ = {isa = PBXBuildFile; fileRef = 36B958C31861AE88007BBB36 /* PGApplicationMover.m */; };
		36C986EF1861DFCC00308267 /* PGShellProfileUpdater.m in Sources */ = {isa = PBXBuildFile; fileRef = 36C986EE1861DFCC00308267 /* PGShellProfileUpdater.m */; };
		36C986F11861FB9C00308267 /* PreferenceWindow.xib in Resources */ = {isa = PBXBuildFile; fileRef = 36C986F01861FB9C00308267 /* PreferenceWindow.xib */; };
		36C986F41861FBB200308267 /* PreferenceWindowController.m in Sources */ = {isa = PBXBuildFile; fileRef = 36C986F31861FBB200308267 /* PreferenceWindowController.m */; };
		36D70A1319D0157C00B97508 /* RecoveryAttempter.m in Sources */ = {isa = PBXBuildFile; fileRef = 36D70A1219D0157C00B97508 /* RecoveryAttempter.m */; };
		F81386711538E586003A83F9 /* PostgresConnectionURLValueTransformer.m in Sources */ = {isa = PBXBuildFile; fileRef = F81386701538E586003A83F9 /* PostgresConnectionURLValueTransformer.m */; };
		F87A426F153AB60C00456130 /* Cocoa.framework in Frameworks */ = {isa = PBXBuildFile; fileRef = F8973A0C1538846600EAB41E /* Cocoa.framework */; };
		F87A4275153AB60C00456130 /* InfoPlist.strings in Resources */ = {isa = PBXBuildFile; fileRef = F87A4273153AB60C00456130 /* InfoPlist.strings */; };
		F87A4277153AB60C00456130 /* main.m in Sources */ = {isa = PBXBuildFile; fileRef = F87A4276153AB60C00456130 /* main.m */; };
		F87A427E153AB60C00456130 /* AppDelegate.m in Sources */ = {isa = PBXBuildFile; fileRef = F87A427D153AB60C00456130 /* AppDelegate.m */; };
		F87A4281153AB60C00456130 /* MainMenu.xib in Resources */ = {isa = PBXBuildFile; fileRef = F87A427F153AB60C00456130 /* MainMenu.xib */; };
		F883D60E15B5CEB60017F83A /* WelcomeWindowController.m in Sources */ = {isa = PBXBuildFile; fileRef = F883D60C15B5CEB60017F83A /* WelcomeWindowController.m */; };
		F883D61015B5CEB60017F83A /* WelcomeWindow.xib in Resources */ = {isa = PBXBuildFile; fileRef = F883D60D15B5CEB60017F83A /* WelcomeWindow.xib */; };
		F884C8F0153C76F800CDCB09 /* ServiceManagement.framework in Frameworks */ = {isa = PBXBuildFile; fileRef = F884C8ED153C76E900CDCB09 /* ServiceManagement.framework */; };
		F884C8F1153C786D00CDCB09 /* PostgresHelper.app in Copy Helper Application */ = {isa = PBXBuildFile; fileRef = F87A426D153AB60C00456130 /* PostgresHelper.app */; };
		F884C905153C807400CDCB09 /* PostgresStatusMenuItemViewController.m in Sources */ = {isa = PBXBuildFile; fileRef = F884C903153C807400CDCB09 /* PostgresStatusMenuItemViewController.m */; };
		F884C906153C807400CDCB09 /* PostgresStatusMenuItemView.xib in Resources */ = {isa = PBXBuildFile; fileRef = F884C904153C807400CDCB09 /* PostgresStatusMenuItemView.xib */; };
		F884C91A153CA24400CDCB09 /* Postgres.icns in Resources */ = {isa = PBXBuildFile; fileRef = F884C919153CA24400CDCB09 /* Postgres.icns */; };
		F88BDC8915704B22004ECB52 /* NSFileManager+DirectoryLocations.m in Sources */ = {isa = PBXBuildFile; fileRef = F88BDC8515704B22004ECB52 /* NSFileManager+DirectoryLocations.m */; };
		F88BDC9115704C15004ECB52 /* Security.framework in Frameworks */ = {isa = PBXBuildFile; fileRef = F88BDC9015704C14004ECB52 /* Security.framework */; };
		F8973A0D1538846600EAB41E /* Cocoa.framework in Frameworks */ = {isa = PBXBuildFile; fileRef = F8973A0C1538846600EAB41E /* Cocoa.framework */; };
		F8973A171538846600EAB41E /* InfoPlist.strings in Resources */ = {isa = PBXBuildFile; fileRef = F8973A151538846600EAB41E /* InfoPlist.strings */; };
		F8973A191538846600EAB41E /* main.m in Sources */ = {isa = PBXBuildFile; fileRef = F8973A181538846600EAB41E /* main.m */; };
		F8973A201538846600EAB41E /* AppDelegate.m in Sources */ = {isa = PBXBuildFile; fileRef = F8973A1F1538846600EAB41E /* AppDelegate.m */; };
		F8973A231538846600EAB41E /* MainMenu.xib in Resources */ = {isa = PBXBuildFile; fileRef = F8973A211538846600EAB41E /* MainMenu.xib */; };
		F8973A37153884EF00EAB41E /* PostgresServer.m in Sources */ = {isa = PBXBuildFile; fileRef = F8973A35153884EF00EAB41E /* PostgresServer.m */; };
		F8C09C4B15ACD15C00F571AE /* status-off.png in Resources */ = {isa = PBXBuildFile; fileRef = F8C09C4715ACD15C00F571AE /* status-off.png */; };
		F8C09C4D15ACD15C00F571AE /* status-on.png in Resources */ = {isa = PBXBuildFile; fileRef = F8C09C4915ACD15C00F571AE /* status-on.png */; };
/* End PBXBuildFile section */

/* Begin PBXBuildRule section */
		3609DA0C1853B59D00665ED2 /* PBXBuildRule */ = {
			isa = PBXBuildRule;
			compilerSpec = com.apple.compilers.proxy.script;
			filePatterns = "*.app";
			fileType = pattern.proxy;
			isEditable = 1;
			outputFiles = (
				"$(DERIVED_FILES_DIR)/$(INPUT_FILE_BASE).h",
			);
			script = "# script from SBSendEmail sample app\nsdef \"$INPUT_FILE_PATH\" | sdp -fh -o \"$DERIVED_FILES_DIR\" --basename \"$INPUT_FILE_BASE\" --bundleid `defaults read \"$INPUT_FILE_PATH/Contents/Info\" CFBundleIdentifier`";
		};
/* End PBXBuildRule section */

/* Begin PBXContainerItemProxy section */
		F87A4285153AB65200456130 /* PBXContainerItemProxy */ = {
			isa = PBXContainerItemProxy;
			containerPortal = F89739FF1538846600EAB41E /* Project object */;
			proxyType = 1;
			remoteGlobalIDString = F87A426C153AB60C00456130;
			remoteInfo = PostgresHelper;
		};
/* End PBXContainerItemProxy section */

/* Begin PBXCopyFilesBuildPhase section */
		F87A4287153AB65800456130 /* Copy Helper Application */ = {
			isa = PBXCopyFilesBuildPhase;
			buildActionMask = 2147483647;
			dstPath = Contents/Library/LoginItems;
			dstSubfolderSpec = 1;
			files = (
				F884C8F1153C786D00CDCB09 /* PostgresHelper.app in Copy Helper Application */,
			);
			name = "Copy Helper Application";
			runOnlyForDeploymentPostprocessing = 0;
		};
		F8973A51153885A100EAB41E /* Copy XPC Service */ = {
			isa = PBXCopyFilesBuildPhase;
			buildActionMask = 2147483647;
			dstPath = Contents/XPCServices;
			dstSubfolderSpec = 1;
			files = (
			);
			name = "Copy XPC Service";
			runOnlyForDeploymentPostprocessing = 0;
		};
/* End PBXCopyFilesBuildPhase section */

/* Begin PBXFileReference section */
		0710E97A1639ADD7006D7FB2 /* en */ = {isa = PBXFileReference; lastKnownFileType = image.png; name = en; path = "en.lproj/status-off@2x.png"; sourceTree = "<group>"; };
		0710E97C1639ADD7006D7FB2 /* en */ = {isa = PBXFileReference; lastKnownFileType = image.png; name = en; path = "en.lproj/status-on@2x.png"; sourceTree = "<group>"; };
		3609DA071853B31F00665ED2 /* ScriptingBridge.framework */ = {isa = PBXFileReference; lastKnownFileType = wrapper.framework; name = ScriptingBridge.framework; path = System/Library/Frameworks/ScriptingBridge.framework; sourceTree = SDKROOT; };
		36A9159E1B0DFB9000C7F424 /* postgresql-icu-patch-2.diff */ = {isa = PBXFileReference; lastKnownFileType = text; path = "postgresql-icu-patch-2.diff"; sourceTree = "<group>"; };
		36A9E3061B0DFB5500C7F424 /* makefile */ = {isa = PBXFileReference; lastKnownFileType = sourcecode.make; path = makefile; sourceTree = "<group>"; };
		36B958C21861AE88007BBB36 /* PGApplicationMover.h */ = {isa = PBXFileReference; fileEncoding = 4; lastKnownFileType = sourcecode.c.h; path = PGApplicationMover.h; sourceTree = "<group>"; };
		36B958C31861AE88007BBB36 /* PGApplicationMover.m */ = {isa = PBXFileReference; fileEncoding = 4; lastKnownFileType = sourcecode.c.objc; path = PGApplicationMover.m; sourceTree = "<group>"; };
		36C986ED1861DFCC00308267 /* PGShellProfileUpdater.h */ = {isa = PBXFileReference; fileEncoding = 4; lastKnownFileType = sourcecode.c.h; path = PGShellProfileUpdater.h; sourceTree = "<group>"; };
		36C986EE1861DFCC00308267 /* PGShellProfileUpdater.m */ = {isa = PBXFileReference; fileEncoding = 4; lastKnownFileType = sourcecode.c.objc; path = PGShellProfileUpdater.m; sourceTree = "<group>"; };
		36C986F01861FB9C00308267 /* PreferenceWindow.xib */ = {isa = PBXFileReference; fileEncoding = 4; lastKnownFileType = file.xib; path = PreferenceWindow.xib; sourceTree = "<group>"; };
		36C986F21861FBB200308267 /* PreferenceWindowController.h */ = {isa = PBXFileReference; fileEncoding = 4; lastKnownFileType = sourcecode.c.h; path = PreferenceWindowController.h; sourceTree = "<group>"; };
		36C986F31861FBB200308267 /* PreferenceWindowController.m */ = {isa = PBXFileReference; fileEncoding = 4; lastKnownFileType = sourcecode.c.objc; path = PreferenceWindowController.m; sourceTree = "<group>"; };
		36D70A1119D0157C00B97508 /* RecoveryAttempter.h */ = {isa = PBXFileReference; fileEncoding = 4; lastKnownFileType = sourcecode.c.h; path = RecoveryAttempter.h; sourceTree = "<group>"; };
		36D70A1219D0157C00B97508 /* RecoveryAttempter.m */ = {isa = PBXFileReference; fileEncoding = 4; lastKnownFileType = sourcecode.c.objc; path = RecoveryAttempter.m; sourceTree = "<group>"; };
		F813866F1538E586003A83F9 /* PostgresConnectionURLValueTransformer.h */ = {isa = PBXFileReference; fileEncoding = 4; lastKnownFileType = sourcecode.c.h; path = PostgresConnectionURLValueTransformer.h; sourceTree = "<group>"; };
		F81386701538E586003A83F9 /* PostgresConnectionURLValueTransformer.m */ = {isa = PBXFileReference; fileEncoding = 4; lastKnownFileType = sourcecode.c.objc; path = PostgresConnectionURLValueTransformer.m; sourceTree = "<group>"; };
		F87A426D153AB60C00456130 /* PostgresHelper.app */ = {isa = PBXFileReference; explicitFileType = wrapper.application; includeInIndex = 0; path = PostgresHelper.app; sourceTree = BUILT_PRODUCTS_DIR; };
		F87A4272153AB60C00456130 /* PostgresHelper-Info.plist */ = {isa = PBXFileReference; lastKnownFileType = text.plist.xml; path = "PostgresHelper-Info.plist"; sourceTree = "<group>"; };
		F87A4274153AB60C00456130 /* en */ = {isa = PBXFileReference; lastKnownFileType = text.plist.strings; name = en; path = en.lproj/InfoPlist.strings; sourceTree = "<group>"; };
		F87A4276153AB60C00456130 /* main.m */ = {isa = PBXFileReference; lastKnownFileType = sourcecode.c.objc; path = main.m; sourceTree = "<group>"; };
		F87A4278153AB60C00456130 /* PostgresHelper-Prefix.pch */ = {isa = PBXFileReference; lastKnownFileType = sourcecode.c.h; path = "PostgresHelper-Prefix.pch"; sourceTree = "<group>"; };
		F87A427C153AB60C00456130 /* AppDelegate.h */ = {isa = PBXFileReference; lastKnownFileType = sourcecode.c.h; path = AppDelegate.h; sourceTree = "<group>"; };
		F87A427D153AB60C00456130 /* AppDelegate.m */ = {isa = PBXFileReference; lastKnownFileType = sourcecode.c.objc; path = AppDelegate.m; sourceTree = "<group>"; };
		F87A4280153AB60C00456130 /* en */ = {isa = PBXFileReference; lastKnownFileType = file.xib; name = en; path = en.lproj/MainMenu.xib; sourceTree = "<group>"; };
		F883D60B15B5CEB60017F83A /* WelcomeWindowController.h */ = {isa = PBXFileReference; fileEncoding = 4; lastKnownFileType = sourcecode.c.h; path = WelcomeWindowController.h; sourceTree = "<group>"; };
		F883D60C15B5CEB60017F83A /* WelcomeWindowController.m */ = {isa = PBXFileReference; fileEncoding = 4; lastKnownFileType = sourcecode.c.objc; path = WelcomeWindowController.m; sourceTree = "<group>"; };
		F883D60D15B5CEB60017F83A /* WelcomeWindow.xib */ = {isa = PBXFileReference; fileEncoding = 4; lastKnownFileType = file.xib; path = WelcomeWindow.xib; sourceTree = "<group>"; };
		F883D61315B5E2780017F83A /* PostgresConstants.h */ = {isa = PBXFileReference; fileEncoding = 4; lastKnownFileType = sourcecode.c.h; path = PostgresConstants.h; sourceTree = "<group>"; };
		F884C8ED153C76E900CDCB09 /* ServiceManagement.framework */ = {isa = PBXFileReference; lastKnownFileType = wrapper.framework; name = ServiceManagement.framework; path = System/Library/Frameworks/ServiceManagement.framework; sourceTree = SDKROOT; };
		F884C8F3153C7A4C00CDCB09 /* PostgresHelper.entitlements */ = {isa = PBXFileReference; lastKnownFileType = text.xml; name = PostgresHelper.entitlements; path = ../PostgresHelper.entitlements; sourceTree = "<group>"; };
		F884C902153C807400CDCB09 /* PostgresStatusMenuItemViewController.h */ = {isa = PBXFileReference; fileEncoding = 4; lastKnownFileType = sourcecode.c.h; path = PostgresStatusMenuItemViewController.h; sourceTree = "<group>"; };
		F884C903153C807400CDCB09 /* PostgresStatusMenuItemViewController.m */ = {isa = PBXFileReference; fileEncoding = 4; lastKnownFileType = sourcecode.c.objc; path = PostgresStatusMenuItemViewController.m; sourceTree = "<group>"; };
		F884C904153C807400CDCB09 /* PostgresStatusMenuItemView.xib */ = {isa = PBXFileReference; fileEncoding = 4; lastKnownFileType = file.xib; path = PostgresStatusMenuItemView.xib; sourceTree = "<group>"; };
		F884C919153CA24400CDCB09 /* Postgres.icns */ = {isa = PBXFileReference; lastKnownFileType = image.icns; path = Postgres.icns; sourceTree = "<group>"; };
		F88BDC8415704B22004ECB52 /* NSFileManager+DirectoryLocations.h */ = {isa = PBXFileReference; fileEncoding = 4; lastKnownFileType = sourcecode.c.h; path = "NSFileManager+DirectoryLocations.h"; sourceTree = "<group>"; };
		F88BDC8515704B22004ECB52 /* NSFileManager+DirectoryLocations.m */ = {isa = PBXFileReference; fileEncoding = 4; lastKnownFileType = sourcecode.c.objc; path = "NSFileManager+DirectoryLocations.m"; sourceTree = "<group>"; };
		F88BDC9015704C14004ECB52 /* Security.framework */ = {isa = PBXFileReference; lastKnownFileType = wrapper.framework; name = Security.framework; path = System/Library/Frameworks/Security.framework; sourceTree = SDKROOT; };
		F8973A081538846600EAB41E /* Postgres.app */ = {isa = PBXFileReference; explicitFileType = wrapper.application; includeInIndex = 0; path = Postgres.app; sourceTree = BUILT_PRODUCTS_DIR; };
		F8973A0C1538846600EAB41E /* Cocoa.framework */ = {isa = PBXFileReference; lastKnownFileType = wrapper.framework; name = Cocoa.framework; path = System/Library/Frameworks/Cocoa.framework; sourceTree = SDKROOT; };
		F8973A0F1538846600EAB41E /* AppKit.framework */ = {isa = PBXFileReference; lastKnownFileType = wrapper.framework; name = AppKit.framework; path = System/Library/Frameworks/AppKit.framework; sourceTree = SDKROOT; };
		F8973A101538846600EAB41E /* CoreData.framework */ = {isa = PBXFileReference; lastKnownFileType = wrapper.framework; name = CoreData.framework; path = System/Library/Frameworks/CoreData.framework; sourceTree = SDKROOT; };
		F8973A111538846600EAB41E /* Foundation.framework */ = {isa = PBXFileReference; lastKnownFileType = wrapper.framework; name = Foundation.framework; path = System/Library/Frameworks/Foundation.framework; sourceTree = SDKROOT; };
		F8973A141538846600EAB41E /* Postgres-Info.plist */ = {isa = PBXFileReference; lastKnownFileType = text.plist.xml; path = "Postgres-Info.plist"; sourceTree = "<group>"; };
		F8973A161538846600EAB41E /* en */ = {isa = PBXFileReference; lastKnownFileType = text.plist.strings; name = en; path = en.lproj/InfoPlist.strings; sourceTree = "<group>"; };
		F8973A181538846600EAB41E /* main.m */ = {isa = PBXFileReference; lastKnownFileType = sourcecode.c.objc; path = main.m; sourceTree = "<group>"; };
		F8973A1A1538846600EAB41E /* Postgres-Prefix.pch */ = {isa = PBXFileReference; lastKnownFileType = sourcecode.c.h; path = "Postgres-Prefix.pch"; sourceTree = "<group>"; };
		F8973A1E1538846600EAB41E /* AppDelegate.h */ = {isa = PBXFileReference; lastKnownFileType = sourcecode.c.h; path = AppDelegate.h; sourceTree = "<group>"; };
		F8973A1F1538846600EAB41E /* AppDelegate.m */ = {isa = PBXFileReference; lastKnownFileType = sourcecode.c.objc; path = AppDelegate.m; sourceTree = "<group>"; };
		F8973A221538846600EAB41E /* en */ = {isa = PBXFileReference; lastKnownFileType = file.xib; name = en; path = en.lproj/MainMenu.xib; sourceTree = "<group>"; };
		F8973A35153884EF00EAB41E /* PostgresServer.m */ = {isa = PBXFileReference; fileEncoding = 4; lastKnownFileType = sourcecode.c.objc; path = PostgresServer.m; sourceTree = "<group>"; };
		F8973A36153884EF00EAB41E /* PostgresServer.h */ = {isa = PBXFileReference; fileEncoding = 4; lastKnownFileType = sourcecode.c.h; path = PostgresServer.h; sourceTree = "<group>"; };
		F8973A3D1538851D00EAB41E /* Foundation.framework */ = {isa = PBXFileReference; lastKnownFileType = wrapper.framework; name = Foundation.framework; path = System/Library/Frameworks/Foundation.framework; sourceTree = SDKROOT; };
		F8973A531538869700EAB41E /* Postgres.entitlements */ = {isa = PBXFileReference; lastKnownFileType = text.xml; path = Postgres.entitlements; sourceTree = "<group>"; };
		F8A4B56B15735F26003C00F5 /* Sparkle.framework */ = {isa = PBXFileReference; lastKnownFileType = wrapper.framework; name = Sparkle.framework; path = Postgres/Vendor/Sparkle.framework; sourceTree = "<group>"; };
		F8C09C4815ACD15C00F571AE /* en */ = {isa = PBXFileReference; lastKnownFileType = image.png; name = en; path = "en.lproj/status-off.png"; sourceTree = "<group>"; };
		F8C09C4A15ACD15C00F571AE /* en */ = {isa = PBXFileReference; lastKnownFileType = image.png; name = en; path = "en.lproj/status-on.png"; sourceTree = "<group>"; };
/* End PBXFileReference section */

/* Begin PBXFrameworksBuildPhase section */
		F87A426A153AB60C00456130 /* Frameworks */ = {
			isa = PBXFrameworksBuildPhase;
			buildActionMask = 2147483647;
			files = (
				F87A426F153AB60C00456130 /* Cocoa.framework in Frameworks */,
			);
			runOnlyForDeploymentPostprocessing = 0;
		};
		F8973A051538846600EAB41E /* Frameworks */ = {
			isa = PBXFrameworksBuildPhase;
			buildActionMask = 2147483647;
			files = (
				3609DA081853B31F00665ED2 /* ScriptingBridge.framework in Frameworks */,
				F88BDC9115704C15004ECB52 /* Security.framework in Frameworks */,
				F884C8F0153C76F800CDCB09 /* ServiceManagement.framework in Frameworks */,
				F8973A0D1538846600EAB41E /* Cocoa.framework in Frameworks */,
			);
			runOnlyForDeploymentPostprocessing = 0;
		};
/* End PBXFrameworksBuildPhase section */

/* Begin PBXGroup section */
		36A9A9B81B0DFB0100C7F424 /* src */ = {
			isa = PBXGroup;
			children = (
				36A9E3061B0DFB5500C7F424 /* makefile */,
				36A9159E1B0DFB9000C7F424 /* postgresql-icu-patch-2.diff */,
			);
			path = src;
			sourceTree = "<group>";
		};
		F87A4267153AB23F00456130 /* Images */ = {
			isa = PBXGroup;
			children = (
				F87A4268153AB24600456130 /* Status Item */,
			);
			name = Images;
			sourceTree = "<group>";
		};
		F87A4268153AB24600456130 /* Status Item */ = {
			isa = PBXGroup;
			children = (
				0710E9791639ADD7006D7FB2 /* status-off@2x.png */,
				0710E97B1639ADD7006D7FB2 /* status-on@2x.png */,
				F8C09C4715ACD15C00F571AE /* status-off.png */,
				F8C09C4915ACD15C00F571AE /* status-on.png */,
			);
			name = "Status Item";
			sourceTree = "<group>";
		};
		F87A4270153AB60C00456130 /* PostgresHelper */ = {
			isa = PBXGroup;
			children = (
				F884C8F3153C7A4C00CDCB09 /* PostgresHelper.entitlements */,
				F87A427C153AB60C00456130 /* AppDelegate.h */,
				F87A427D153AB60C00456130 /* AppDelegate.m */,
				F87A427F153AB60C00456130 /* MainMenu.xib */,
				F87A4271153AB60C00456130 /* Supporting Files */,
			);
			path = PostgresHelper;
			sourceTree = "<group>";
		};
		F87A4271153AB60C00456130 /* Supporting Files */ = {
			isa = PBXGroup;
			children = (
				F87A4272153AB60C00456130 /* PostgresHelper-Info.plist */,
				F87A4273153AB60C00456130 /* InfoPlist.strings */,
				F87A4276153AB60C00456130 /* main.m */,
				F87A4278153AB60C00456130 /* PostgresHelper-Prefix.pch */,
			);
			name = "Supporting Files";
			sourceTree = "<group>";
		};
		F88BDC8315704B22004ECB52 /* NSFileManager+DirectoryLocations */ = {
			isa = PBXGroup;
			children = (
				F88BDC8415704B22004ECB52 /* NSFileManager+DirectoryLocations.h */,
				F88BDC8515704B22004ECB52 /* NSFileManager+DirectoryLocations.m */,
			);
			name = "NSFileManager+DirectoryLocations";
			path = "Postgres/Vendor/NSFileManager+DirectoryLocations";
			sourceTree = "<group>";
		};
		F89739FD1538846600EAB41E = {
			isa = PBXGroup;
			children = (
				F884C919153CA24400CDCB09 /* Postgres.icns */,
				36A9A9B81B0DFB0100C7F424 /* src */,
				F8973A121538846600EAB41E /* Postgres */,
				F87A4270153AB60C00456130 /* PostgresHelper */,
				F8973A32153884AC00EAB41E /* Vendor */,
				F8973A0B1538846600EAB41E /* Frameworks */,
				F8973A091538846600EAB41E /* Products */,
			);
			sourceTree = "<group>";
		};
		F8973A091538846600EAB41E /* Products */ = {
			isa = PBXGroup;
			children = (
				F8973A081538846600EAB41E /* Postgres.app */,
				F87A426D153AB60C00456130 /* PostgresHelper.app */,
			);
			name = Products;
			sourceTree = "<group>";
		};
		F8973A0B1538846600EAB41E /* Frameworks */ = {
			isa = PBXGroup;
			children = (
				3609DA071853B31F00665ED2 /* ScriptingBridge.framework */,
				F8A4B56B15735F26003C00F5 /* Sparkle.framework */,
				F88BDC9015704C14004ECB52 /* Security.framework */,
				F884C8ED153C76E900CDCB09 /* ServiceManagement.framework */,
				F8973A0C1538846600EAB41E /* Cocoa.framework */,
				F8973A3D1538851D00EAB41E /* Foundation.framework */,
				F8973A0E1538846600EAB41E /* Other Frameworks */,
			);
			name = Frameworks;
			sourceTree = "<group>";
		};
		F8973A0E1538846600EAB41E /* Other Frameworks */ = {
			isa = PBXGroup;
			children = (
				F8973A0F1538846600EAB41E /* AppKit.framework */,
				F8973A101538846600EAB41E /* CoreData.framework */,
				F8973A111538846600EAB41E /* Foundation.framework */,
			);
			name = "Other Frameworks";
			sourceTree = "<group>";
		};
		F8973A121538846600EAB41E /* Postgres */ = {
			isa = PBXGroup;
			children = (
				F8973A531538869700EAB41E /* Postgres.entitlements */,
				F883D61315B5E2780017F83A /* PostgresConstants.h */,
				F8973A1E1538846600EAB41E /* AppDelegate.h */,
				F8973A1F1538846600EAB41E /* AppDelegate.m */,
				F8973A36153884EF00EAB41E /* PostgresServer.h */,
				F8973A35153884EF00EAB41E /* PostgresServer.m */,
				36D70A1119D0157C00B97508 /* RecoveryAttempter.h */,
				36D70A1219D0157C00B97508 /* RecoveryAttempter.m */,
				F8973A211538846600EAB41E /* MainMenu.xib */,
				F884C902153C807400CDCB09 /* PostgresStatusMenuItemViewController.h */,
				F884C903153C807400CDCB09 /* PostgresStatusMenuItemViewController.m */,
				F884C904153C807400CDCB09 /* PostgresStatusMenuItemView.xib */,
				F813866F1538E586003A83F9 /* PostgresConnectionURLValueTransformer.h */,
				F81386701538E586003A83F9 /* PostgresConnectionURLValueTransformer.m */,
				F883D60D15B5CEB60017F83A /* WelcomeWindow.xib */,
				F883D60B15B5CEB60017F83A /* WelcomeWindowController.h */,
				F883D60C15B5CEB60017F83A /* WelcomeWindowController.m */,
				36C986F01861FB9C00308267 /* PreferenceWindow.xib */,
				36C986F21861FBB200308267 /* PreferenceWindowController.h */,
				36C986F31861FBB200308267 /* PreferenceWindowController.m */,
				F8973A131538846600EAB41E /* Supporting Files */,
				36B958C21861AE88007BBB36 /* PGApplicationMover.h */,
				36B958C31861AE88007BBB36 /* PGApplicationMover.m */,
				36C986ED1861DFCC00308267 /* PGShellProfileUpdater.h */,
				36C986EE1861DFCC00308267 /* PGShellProfileUpdater.m */,
			);
			path = Postgres;
			sourceTree = "<group>";
		};
		F8973A131538846600EAB41E /* Supporting Files */ = {
			isa = PBXGroup;
			children = (
				F8973A141538846600EAB41E /* Postgres-Info.plist */,
				F8973A151538846600EAB41E /* InfoPlist.strings */,
				F8973A181538846600EAB41E /* main.m */,
				F8973A1A1538846600EAB41E /* Postgres-Prefix.pch */,
				F87A4267153AB23F00456130 /* Images */,
			);
			name = "Supporting Files";
			sourceTree = "<group>";
		};
		F8973A32153884AC00EAB41E /* Vendor */ = {
			isa = PBXGroup;
			children = (
				F88BDC8315704B22004ECB52 /* NSFileManager+DirectoryLocations */,
			);
			name = Vendor;
			sourceTree = "<group>";
		};
/* End PBXGroup section */

/* Begin PBXNativeTarget section */
		F87A426C153AB60C00456130 /* PostgresHelper */ = {
			isa = PBXNativeTarget;
			buildConfigurationList = F87A4282153AB60C00456130 /* Build configuration list for PBXNativeTarget "PostgresHelper" */;
			buildPhases = (
				F87A4269153AB60C00456130 /* Sources */,
				F87A426A153AB60C00456130 /* Frameworks */,
				F87A426B153AB60C00456130 /* Resources */,
			);
			buildRules = (
			);
			dependencies = (
			);
			name = PostgresHelper;
			productName = PostgresHelper;
			productReference = F87A426D153AB60C00456130 /* PostgresHelper.app */;
			productType = "com.apple.product-type.application";
		};
		F8973A071538846600EAB41E /* Postgres */ = {
			isa = PBXNativeTarget;
			buildConfigurationList = F8973A261538846600EAB41E /* Build configuration list for PBXNativeTarget "Postgres" */;
			buildPhases = (
				36B958C11861A2F9007BBB36 /* Create Apple Script Headers for Terminal */,
				F8973A041538846600EAB41E /* Sources */,
				F8973A051538846600EAB41E /* Frameworks */,
				F8973A061538846600EAB41E /* Resources */,
				F8973A51153885A100EAB41E /* Copy XPC Service */,
				F87A4287153AB65800456130 /* Copy Helper Application */,
				3671343617C8FFBB003BBA08 /* Copy bin, lib, include, share */,
				3668913E183CC1E800A3FA19 /* Codesign binaries & libraries */,
			);
			buildRules = (
				3609DA0C1853B59D00665ED2 /* PBXBuildRule */,
			);
			dependencies = (
				F87A4286153AB65200456130 /* PBXTargetDependency */,
			);
			name = Postgres;
			productName = Postgres;
			productReference = F8973A081538846600EAB41E /* Postgres.app */;
			productType = "com.apple.product-type.application";
		};
/* End PBXNativeTarget section */

/* Begin PBXProject section */
		F89739FF1538846600EAB41E /* Project object */ = {
			isa = PBXProject;
			attributes = {
				LastUpgradeCheck = 0420;
				TargetAttributes = {
					F87A426C153AB60C00456130 = {
						SystemCapabilities = {
							com.apple.Sandbox = {
								enabled = 0;
							};
						};
					};
					F8973A071538846600EAB41E = {
						SystemCapabilities = {
							com.apple.Sandbox = {
								enabled = 0;
							};
						};
					};
				};
			};
			buildConfigurationList = F8973A021538846600EAB41E /* Build configuration list for PBXProject "Postgres" */;
			compatibilityVersion = "Xcode 3.2";
			developmentRegion = English;
			hasScannedForEncodings = 0;
			knownRegions = (
				en,
			);
			mainGroup = F89739FD1538846600EAB41E;
			productRefGroup = F8973A091538846600EAB41E /* Products */;
			projectDirPath = "";
			projectRoot = "";
			targets = (
				F8973A071538846600EAB41E /* Postgres */,
				F87A426C153AB60C00456130 /* PostgresHelper */,
			);
		};
/* End PBXProject section */

/* Begin PBXResourcesBuildPhase section */
		F87A426B153AB60C00456130 /* Resources */ = {
			isa = PBXResourcesBuildPhase;
			buildActionMask = 2147483647;
			files = (
				F87A4275153AB60C00456130 /* InfoPlist.strings in Resources */,
				F87A4281153AB60C00456130 /* MainMenu.xib in Resources */,
			);
			runOnlyForDeploymentPostprocessing = 0;
		};
		F8973A061538846600EAB41E /* Resources */ = {
			isa = PBXResourcesBuildPhase;
			buildActionMask = 2147483647;
			files = (
				F8973A171538846600EAB41E /* InfoPlist.strings in Resources */,
				F8973A231538846600EAB41E /* MainMenu.xib in Resources */,
				F884C906153C807400CDCB09 /* PostgresStatusMenuItemView.xib in Resources */,
				F884C91A153CA24400CDCB09 /* Postgres.icns in Resources */,
				F8C09C4B15ACD15C00F571AE /* status-off.png in Resources */,
				F8C09C4D15ACD15C00F571AE /* status-on.png in Resources */,
				36C986F11861FB9C00308267 /* PreferenceWindow.xib in Resources */,
				F883D61015B5CEB60017F83A /* WelcomeWindow.xib in Resources */,
				0710E97D1639ADD7006D7FB2 /* status-off@2x.png in Resources */,
				0710E97F1639ADD7006D7FB2 /* status-on@2x.png in Resources */,
			);
			runOnlyForDeploymentPostprocessing = 0;
		};
/* End PBXResourcesBuildPhase section */

/* Begin PBXShellScriptBuildPhase section */
		3668913E183CC1E800A3FA19 /* Codesign binaries & libraries */ = {
			isa = PBXShellScriptBuildPhase;
			buildActionMask = 2147483647;
			files = (
			);
			inputPaths = (
			);
			name = "Codesign binaries & libraries";
			outputPaths = (
			);
			runOnlyForDeploymentPostprocessing = 0;
			shellPath = /bin/bash;
			shellScript = "#!/bin/bash\n\n#set -e\n\n#EXECUTABLE_TARGET_DIR=\"$BUILT_PRODUCTS_DIR/$EXECUTABLE_FOLDER_PATH\"\n\n#cd \"$EXECUTABLE_TARGET_DIR\"\n\n#for binary_file in \"bin/\"* \"lib/\"*.dylib \"lib/postgresql/\"*.so\n#do\n#  if [ -f $binary_file ]\n#  then\n#    codesign -f -s \"$CODE_SIGN_IDENTITY\" $binary_file\n#  fi\n#done\n";
		};
		3671343617C8FFBB003BBA08 /* Copy bin, lib, include, share */ = {
			isa = PBXShellScriptBuildPhase;
			buildActionMask = 2147483647;
			files = (
			);
			inputPaths = (
			);
			name = "Copy bin, lib, include, share";
			outputPaths = (
			);
			runOnlyForDeploymentPostprocessing = 0;
			shellPath = /bin/bash;
			shellScript = "#!/bin/bash\n\nORIG_INSTALL_ROOT=\"/Applications/Postgres.app/Contents/Versions/${POSTGRES_MAJOR_VERSION}\"\nEXECUTABLE_TARGET_DIR=\"$BUILT_PRODUCTS_DIR/$CONTENTS_FOLDER_PATH/Versions/${POSTGRES_MAJOR_VERSION}\"\n\n# copy binaries\ncd \"${ORIG_INSTALL_ROOT}/bin/\"\nmkdir -p \"$EXECUTABLE_TARGET_DIR/bin/\"\n# copy postgresql binaries\ncp clusterdb createdb createlang createuser dropdb droplang dropuser ecpg initdb oid2name pg_archivecleanup pg_basebackup pg_config pg_controldata pg_ctl pg_dump pg_dumpall pg_receivexlog pg_resetxlog pg_restore pg_standby pg_test_fsync pg_test_timing pg_upgrade pgbench postgres postmaster psql reindexdb vacuumdb vacuumlo \"$EXECUTABLE_TARGET_DIR/bin/\"\n#copy proj binaries\ncp cs2cs geod invgeod invproj nad2bin proj \"$EXECUTABLE_TARGET_DIR/bin/\"\n#copy gdal binaries\ncp gdal_contour gdal_grid gdal_rasterize gdal_translate gdaladdo gdalbuildvrt gdaldem gdalenhance gdalinfo gdallocationinfo gdalmanage gdalserver gdalsrsinfo gdaltindex gdaltransform gdalwarp nearblack ogr2ogr ogrinfo ogrtindex testepsg \"$EXECUTABLE_TARGET_DIR/bin/\"\n#copy postgis binaries\ncp pgsql2shp raster2pgsql shp2pgsql \"$EXECUTABLE_TARGET_DIR/bin/\"\n\n# copy dynamic libraries only (no need for static libraries)\ncd \"${ORIG_INSTALL_ROOT}/lib/\"\nmkdir -p \"$EXECUTABLE_TARGET_DIR/lib/\"\ncp -af *.dylib \"$EXECUTABLE_TARGET_DIR/lib/\"\ncp -afR postgresql \"$EXECUTABLE_TARGET_DIR/lib/\"\n\n#copy include, share\nrm -f \"$EXECUTABLE_TARGET_DIR/include/json\"\ncp -afR \"${ORIG_INSTALL_ROOT}/include\" \"${ORIG_INSTALL_ROOT}/share\" \"$EXECUTABLE_TARGET_DIR/\"";
		};
		36B958C11861A2F9007BBB36 /* Create Apple Script Headers for Terminal */ = {
			isa = PBXShellScriptBuildPhase;
			buildActionMask = 2147483647;
			files = (
			);
			inputPaths = (
			);
			name = "Create Apple Script Headers for Terminal";
			outputPaths = (
				"$(DERIVED_FILE_DIR)/Terminal.h",
			);
			runOnlyForDeploymentPostprocessing = 0;
			shellPath = /bin/bash;
			shellScript = "sdef /Applications/Utilities/Terminal.app | sdp -fh -o \"$DERIVED_FILE_DIR\" --basename Terminal --bundleid com.apple.Terminal";
		};
/* End PBXShellScriptBuildPhase section */

/* Begin PBXSourcesBuildPhase section */
		F87A4269153AB60C00456130 /* Sources */ = {
			isa = PBXSourcesBuildPhase;
			buildActionMask = 2147483647;
			files = (
				F87A4277153AB60C00456130 /* main.m in Sources */,
				F87A427E153AB60C00456130 /* AppDelegate.m in Sources */,
			);
			runOnlyForDeploymentPostprocessing = 0;
		};
		F8973A041538846600EAB41E /* Sources */ = {
			isa = PBXSourcesBuildPhase;
			buildActionMask = 2147483647;
			files = (
				F8973A191538846600EAB41E /* main.m in Sources */,
				F8973A201538846600EAB41E /* AppDelegate.m in Sources */,
				36C986F41861FBB200308267 /* PreferenceWindowController.m in Sources */,
				F8973A37153884EF00EAB41E /* PostgresServer.m in Sources */,
				36D70A1319D0157C00B97508 /* RecoveryAttempter.m in Sources */,
				36B958C41861AE88007BBB36 /* PGApplicationMover.m in Sources */,
				F81386711538E586003A83F9 /* PostgresConnectionURLValueTransformer.m in Sources */,
				F884C905153C807400CDCB09 /* PostgresStatusMenuItemViewController.m in Sources */,
				F88BDC8915704B22004ECB52 /* NSFileManager+DirectoryLocations.m in Sources */,
				F883D60E15B5CEB60017F83A /* WelcomeWindowController.m in Sources */,
				36C986EF1861DFCC00308267 /* PGShellProfileUpdater.m in Sources */,
			);
			runOnlyForDeploymentPostprocessing = 0;
		};
/* End PBXSourcesBuildPhase section */

/* Begin PBXTargetDependency section */
		F87A4286153AB65200456130 /* PBXTargetDependency */ = {
			isa = PBXTargetDependency;
			target = F87A426C153AB60C00456130 /* PostgresHelper */;
			targetProxy = F87A4285153AB65200456130 /* PBXContainerItemProxy */;
		};
/* End PBXTargetDependency section */

/* Begin PBXVariantGroup section */
		0710E9791639ADD7006D7FB2 /* status-off@2x.png */ = {
			isa = PBXVariantGroup;
			children = (
				0710E97A1639ADD7006D7FB2 /* en */,
			);
			name = "status-off@2x.png";
			sourceTree = "<group>";
		};
		0710E97B1639ADD7006D7FB2 /* status-on@2x.png */ = {
			isa = PBXVariantGroup;
			children = (
				0710E97C1639ADD7006D7FB2 /* en */,
			);
			name = "status-on@2x.png";
			sourceTree = "<group>";
		};
		F87A4273153AB60C00456130 /* InfoPlist.strings */ = {
			isa = PBXVariantGroup;
			children = (
				F87A4274153AB60C00456130 /* en */,
			);
			name = InfoPlist.strings;
			sourceTree = "<group>";
		};
		F87A427F153AB60C00456130 /* MainMenu.xib */ = {
			isa = PBXVariantGroup;
			children = (
				F87A4280153AB60C00456130 /* en */,
			);
			name = MainMenu.xib;
			sourceTree = "<group>";
		};
		F8973A151538846600EAB41E /* InfoPlist.strings */ = {
			isa = PBXVariantGroup;
			children = (
				F8973A161538846600EAB41E /* en */,
			);
			name = InfoPlist.strings;
			sourceTree = "<group>";
		};
		F8973A211538846600EAB41E /* MainMenu.xib */ = {
			isa = PBXVariantGroup;
			children = (
				F8973A221538846600EAB41E /* en */,
			);
			name = MainMenu.xib;
			sourceTree = "<group>";
		};
		F8C09C4715ACD15C00F571AE /* status-off.png */ = {
			isa = PBXVariantGroup;
			children = (
				F8C09C4815ACD15C00F571AE /* en */,
			);
			name = "status-off.png";
			sourceTree = "<group>";
		};
		F8C09C4915ACD15C00F571AE /* status-on.png */ = {
			isa = PBXVariantGroup;
			children = (
				F8C09C4A15ACD15C00F571AE /* en */,
			);
			name = "status-on.png";
			sourceTree = "<group>";
		};
/* End PBXVariantGroup section */

/* Begin XCBuildConfiguration section */
		F87A4283153AB60C00456130 /* Debug */ = {
			isa = XCBuildConfiguration;
			buildSettings = {
				CODE_SIGN_IDENTITY = "Developer ID Application";
				GCC_PRECOMPILE_PREFIX_HEADER = YES;
				GCC_PREFIX_HEADER = "PostgresHelper/PostgresHelper-Prefix.pch";
				INFOPLIST_FILE = "PostgresHelper/PostgresHelper-Info.plist";
				PRODUCT_NAME = "$(TARGET_NAME)";
				SKIP_INSTALL = YES;
				WRAPPER_EXTENSION = app;
			};
			name = Debug;
		};
		F87A4284153AB60C00456130 /* Release */ = {
			isa = XCBuildConfiguration;
			buildSettings = {
				CODE_SIGN_IDENTITY = "Developer ID Application";
				GCC_PRECOMPILE_PREFIX_HEADER = YES;
				GCC_PREFIX_HEADER = "PostgresHelper/PostgresHelper-Prefix.pch";
				INFOPLIST_FILE = "PostgresHelper/PostgresHelper-Info.plist";
				PRODUCT_NAME = "$(TARGET_NAME)";
				SKIP_INSTALL = YES;
				WRAPPER_EXTENSION = app;
			};
			name = Release;
		};
		F8973A241538846600EAB41E /* Debug */ = {
			isa = XCBuildConfiguration;
			buildSettings = {
				ALWAYS_SEARCH_USER_PATHS = NO;
				ARCHS = "$(ARCHS_STANDARD_64_BIT)";
				CLANG_ENABLE_OBJC_ARC = YES;
				COPY_PHASE_STRIP = NO;
				GCC_C_LANGUAGE_STANDARD = gnu99;
				GCC_DYNAMIC_NO_PIC = NO;
				GCC_ENABLE_OBJC_EXCEPTIONS = YES;
				GCC_OPTIMIZATION_LEVEL = 0;
				GCC_PREPROCESSOR_DEFINITIONS = (
					"DEBUG=1",
					"PG_VERSION=\"$POSTGRES_VERSION\"",
					"PG_MAJOR_VERSION=\"$POSTGRES_MAJOR_VERSION\"",
				);
				GCC_SYMBOLS_PRIVATE_EXTERN = NO;
				GCC_VERSION = com.apple.compilers.llvm.clang.1_0;
				GCC_WARN_64_TO_32_BIT_CONVERSION = YES;
				GCC_WARN_ABOUT_MISSING_PROTOTYPES = YES;
				GCC_WARN_ABOUT_RETURN_TYPE = YES;
				GCC_WARN_UNUSED_VARIABLE = YES;
				MACOSX_DEPLOYMENT_TARGET = 10.7;
				ONLY_ACTIVE_ARCH = YES;
				POSTGRESAPP_BUILD_VERSION = "$(POSTGRES_VERSION).$(POSTGRESAPP_MINOR_VERSION)";
				POSTGRESAPP_MINOR_VERSION = 0;
				POSTGRES_MAJOR_VERSION = 9.5;
				POSTGRES_VERSION = 9.5alpha1;
				SDKROOT = macosx;
			};
			name = Debug;
		};
		F8973A251538846600EAB41E /* Release */ = {
			isa = XCBuildConfiguration;
			buildSettings = {
				ALWAYS_SEARCH_USER_PATHS = NO;
				ARCHS = "$(ARCHS_STANDARD_64_BIT)";
				CLANG_ENABLE_OBJC_ARC = YES;
				COPY_PHASE_STRIP = YES;
				DEBUG_INFORMATION_FORMAT = "dwarf-with-dsym";
				GCC_C_LANGUAGE_STANDARD = gnu99;
				GCC_ENABLE_OBJC_EXCEPTIONS = YES;
				GCC_PREPROCESSOR_DEFINITIONS = (
					"PG_VERSION=\"$POSTGRES_VERSION\"",
					"PG_MAJOR_VERSION=\"$POSTGRES_MAJOR_VERSION\"",
				);
				GCC_VERSION = com.apple.compilers.llvm.clang.1_0;
				GCC_WARN_64_TO_32_BIT_CONVERSION = YES;
				GCC_WARN_ABOUT_MISSING_PROTOTYPES = YES;
				GCC_WARN_ABOUT_RETURN_TYPE = YES;
				GCC_WARN_UNUSED_VARIABLE = YES;
				MACOSX_DEPLOYMENT_TARGET = 10.7;
				POSTGRESAPP_BUILD_VERSION = "$(POSTGRES_VERSION).$(POSTGRESAPP_MINOR_VERSION)";
				POSTGRESAPP_MINOR_VERSION = 0;
				POSTGRES_MAJOR_VERSION = 9.5;
				POSTGRES_VERSION = 9.5alpha1;
				SDKROOT = macosx;
			};
			name = Release;
		};
		F8973A271538846600EAB41E /* Debug */ = {
			isa = XCBuildConfiguration;
			buildSettings = {
				CODE_SIGN_IDENTITY = "Developer ID Application";
				GCC_PRECOMPILE_PREFIX_HEADER = YES;
				GCC_PREFIX_HEADER = "Postgres/Postgres-Prefix.pch";
				INFOPLIST_FILE = "Postgres/Postgres-Info.plist";
				MACOSX_DEPLOYMENT_TARGET = 10.7;
				PRODUCT_NAME = "$(TARGET_NAME)";
				PROVISIONING_PROFILE = "";
				WRAPPER_EXTENSION = app;
			};
			name = Debug;
		};
		F8973A281538846600EAB41E /* Release */ = {
			isa = XCBuildConfiguration;
			buildSettings = {
				CODE_SIGN_IDENTITY = "Developer ID Application";
				GCC_PRECOMPILE_PREFIX_HEADER = YES;
				GCC_PREFIX_HEADER = "Postgres/Postgres-Prefix.pch";
				INFOPLIST_FILE = "Postgres/Postgres-Info.plist";
				MACOSX_DEPLOYMENT_TARGET = 10.7;
				PRODUCT_NAME = "$(TARGET_NAME)";
				PROVISIONING_PROFILE = "";
				WRAPPER_EXTENSION = app;
			};
			name = Release;
		};
/* End XCBuildConfiguration section */

/* Begin XCConfigurationList section */
		F87A4282153AB60C00456130 /* Build configuration list for PBXNativeTarget "PostgresHelper" */ = {
			isa = XCConfigurationList;
			buildConfigurations = (
				F87A4283153AB60C00456130 /* Debug */,
				F87A4284153AB60C00456130 /* Release */,
			);
			defaultConfigurationIsVisible = 0;
			defaultConfigurationName = Release;
		};
		F8973A021538846600EAB41E /* Build configuration list for PBXProject "Postgres" */ = {
			isa = XCConfigurationList;
			buildConfigurations = (
				F8973A241538846600EAB41E /* Debug */,
				F8973A251538846600EAB41E /* Release */,
			);
			defaultConfigurationIsVisible = 0;
			defaultConfigurationName = Release;
		};
		F8973A261538846600EAB41E /* Build configuration list for PBXNativeTarget "Postgres" */ = {
			isa = XCConfigurationList;
			buildConfigurations = (
				F8973A271538846600EAB41E /* Debug */,
				F8973A281538846600EAB41E /* Release */,
			);
			defaultConfigurationIsVisible = 0;
			defaultConfigurationName = Release;
		};
/* End XCConfigurationList section */
	};
	rootObject = F89739FF1538846600EAB41E /* Project object */;
}
