// !$*UTF8*$!
{
	archiveVersion = 1;
	classes = {
	};
	objectVersion = 46;
	objects = {

/* Begin PBXAggregateTarget section */
		F80534FF15388AD6000E1BAC /* postgres-binaries */ = {
			isa = PBXAggregateTarget;
			buildConfigurationList = F805350015388AD6000E1BAC /* Build configuration list for PBXAggregateTarget "postgres-binaries" */;
			buildPhases = (
			);
			dependencies = (
				F805351415388AFB000E1BAC /* PBXTargetDependency */,
				F805351615388AFB000E1BAC /* PBXTargetDependency */,
				F805351815388AFB000E1BAC /* PBXTargetDependency */,
				F805351A15388AFB000E1BAC /* PBXTargetDependency */,
			);
			name = "postgres-binaries";
			productName = "postgres-binaries";
		};
		F805350315388AE4000E1BAC /* postgres */ = {
			isa = PBXAggregateTarget;
			buildConfigurationList = F805350415388AE5000E1BAC /* Build configuration list for PBXAggregateTarget "postgres" */;
			buildPhases = (
				F805351B15388B0A000E1BAC /* Download, Configure, & Install postgres */,
			);
			dependencies = (
			);
			name = postgres;
			productName = postgres;
		};
		F805350715388AEC000E1BAC /* geos */ = {
			isa = PBXAggregateTarget;
			buildConfigurationList = F805350815388AEC000E1BAC /* Build configuration list for PBXAggregateTarget "geos" */;
			buildPhases = (
				F805351C15388B2A000E1BAC /* Download, Configure, & Install geos */,
			);
			dependencies = (
			);
			name = geos;
			productName = geos;
		};
		F805350B15388AF0000E1BAC /* proj */ = {
			isa = PBXAggregateTarget;
			buildConfigurationList = F805350C15388AF0000E1BAC /* Build configuration list for PBXAggregateTarget "proj" */;
			buildPhases = (
				F805351D15388B54000E1BAC /* Download, Configure, & Install proj */,
			);
			dependencies = (
			);
			name = proj;
			productName = proj;
		};
		F805350F15388AF3000E1BAC /* postgis */ = {
			isa = PBXAggregateTarget;
			buildConfigurationList = F805351015388AF3000E1BAC /* Build configuration list for PBXAggregateTarget "postgis" */;
			buildPhases = (
				F805351F15388B74000E1BAC /* Download, Configure, & Install postgis */,
			);
			dependencies = (
			);
			name = postgis;
			productName = postgis;
		};
/* End PBXAggregateTarget section */

/* Begin PBXBuildFile section */
		F80534F71538884A000E1BAC /* bin in Resources */ = {isa = PBXBuildFile; fileRef = F80534F31538884A000E1BAC /* bin */; };
		F80534F81538884A000E1BAC /* include in Resources */ = {isa = PBXBuildFile; fileRef = F80534F41538884A000E1BAC /* include */; };
		F80534F91538884A000E1BAC /* lib in Resources */ = {isa = PBXBuildFile; fileRef = F80534F51538884A000E1BAC /* lib */; };
		F80534FA1538884A000E1BAC /* share in Resources */ = {isa = PBXBuildFile; fileRef = F80534F61538884A000E1BAC /* share */; };
		F80534FB1538884E000E1BAC /* bin in Copy postgres Executables */ = {isa = PBXBuildFile; fileRef = F80534F31538884A000E1BAC /* bin */; };
		F80534FC1538884E000E1BAC /* include in Copy postgres Executables */ = {isa = PBXBuildFile; fileRef = F80534F41538884A000E1BAC /* include */; };
		F80534FD1538884E000E1BAC /* lib in Copy postgres Executables */ = {isa = PBXBuildFile; fileRef = F80534F51538884A000E1BAC /* lib */; };
		F80534FE1538884E000E1BAC /* share in Copy postgres Executables */ = {isa = PBXBuildFile; fileRef = F80534F61538884A000E1BAC /* share */; };
		F81386711538E586003A83F9 /* PostgresConnectionURLValueTransformer.m in Sources */ = {isa = PBXBuildFile; fileRef = F81386701538E586003A83F9 /* PostgresConnectionURLValueTransformer.m */; };
		F87A4265153AB23D00456130 /* pg-elephant-status-item.png in Resources */ = {isa = PBXBuildFile; fileRef = F87A4263153AB23D00456130 /* pg-elephant-status-item.png */; };
		F87A426F153AB60C00456130 /* Cocoa.framework in Frameworks */ = {isa = PBXBuildFile; fileRef = F8973A0C1538846600EAB41E /* Cocoa.framework */; };
		F87A4275153AB60C00456130 /* InfoPlist.strings in Resources */ = {isa = PBXBuildFile; fileRef = F87A4273153AB60C00456130 /* InfoPlist.strings */; };
		F87A4277153AB60C00456130 /* main.m in Sources */ = {isa = PBXBuildFile; fileRef = F87A4276153AB60C00456130 /* main.m */; };
		F87A427B153AB60C00456130 /* Credits.rtf in Resources */ = {isa = PBXBuildFile; fileRef = F87A4279153AB60C00456130 /* Credits.rtf */; };
		F87A427E153AB60C00456130 /* AppDelegate.m in Sources */ = {isa = PBXBuildFile; fileRef = F87A427D153AB60C00456130 /* AppDelegate.m */; };
		F87A4281153AB60C00456130 /* MainMenu.xib in Resources */ = {isa = PBXBuildFile; fileRef = F87A427F153AB60C00456130 /* MainMenu.xib */; };
		F884C8F0153C76F800CDCB09 /* ServiceManagement.framework in Frameworks */ = {isa = PBXBuildFile; fileRef = F884C8ED153C76E900CDCB09 /* ServiceManagement.framework */; };
		F884C8F1153C786D00CDCB09 /* PostgresHelper.app in Copy Helper Application */ = {isa = PBXBuildFile; fileRef = F87A426D153AB60C00456130 /* PostgresHelper.app */; };
		F8973A0D1538846600EAB41E /* Cocoa.framework in Frameworks */ = {isa = PBXBuildFile; fileRef = F8973A0C1538846600EAB41E /* Cocoa.framework */; };
		F8973A171538846600EAB41E /* InfoPlist.strings in Resources */ = {isa = PBXBuildFile; fileRef = F8973A151538846600EAB41E /* InfoPlist.strings */; };
		F8973A191538846600EAB41E /* main.m in Sources */ = {isa = PBXBuildFile; fileRef = F8973A181538846600EAB41E /* main.m */; };
		F8973A1D1538846600EAB41E /* Credits.rtf in Resources */ = {isa = PBXBuildFile; fileRef = F8973A1B1538846600EAB41E /* Credits.rtf */; };
		F8973A201538846600EAB41E /* AppDelegate.m in Sources */ = {isa = PBXBuildFile; fileRef = F8973A1F1538846600EAB41E /* AppDelegate.m */; };
		F8973A231538846600EAB41E /* MainMenu.xib in Resources */ = {isa = PBXBuildFile; fileRef = F8973A211538846600EAB41E /* MainMenu.xib */; };
		F8973A30153884A900EAB41E /* NSFileManager+DirectoryLocations.m in Sources */ = {isa = PBXBuildFile; fileRef = F8973A2F153884A900EAB41E /* NSFileManager+DirectoryLocations.m */; };
		F8973A37153884EF00EAB41E /* PostgresServer.m in Sources */ = {isa = PBXBuildFile; fileRef = F8973A35153884EF00EAB41E /* PostgresServer.m */; };
		F8973A3E1538851D00EAB41E /* Foundation.framework in Frameworks */ = {isa = PBXBuildFile; fileRef = F8973A3D1538851D00EAB41E /* Foundation.framework */; };
		F8973A441538851D00EAB41E /* InfoPlist.strings in Resources */ = {isa = PBXBuildFile; fileRef = F8973A421538851D00EAB41E /* InfoPlist.strings */; };
		F8973A471538851D00EAB41E /* main.m in Sources */ = {isa = PBXBuildFile; fileRef = F8973A461538851D00EAB41E /* main.m */; };
		F8973A52153885BD00EAB41E /* com.heroku.postgres-service.xpc in Copy XPC Service */ = {isa = PBXBuildFile; fileRef = F8973A3C1538851D00EAB41E /* com.heroku.postgres-service.xpc */; };
/* End PBXBuildFile section */

/* Begin PBXContainerItemProxy section */
		F805351315388AFB000E1BAC /* PBXContainerItemProxy */ = {
			isa = PBXContainerItemProxy;
			containerPortal = F89739FF1538846600EAB41E /* Project object */;
			proxyType = 1;
			remoteGlobalIDString = F805350315388AE4000E1BAC;
			remoteInfo = postgres;
		};
		F805351515388AFB000E1BAC /* PBXContainerItemProxy */ = {
			isa = PBXContainerItemProxy;
			containerPortal = F89739FF1538846600EAB41E /* Project object */;
			proxyType = 1;
			remoteGlobalIDString = F805350715388AEC000E1BAC;
			remoteInfo = geos;
		};
		F805351715388AFB000E1BAC /* PBXContainerItemProxy */ = {
			isa = PBXContainerItemProxy;
			containerPortal = F89739FF1538846600EAB41E /* Project object */;
			proxyType = 1;
			remoteGlobalIDString = F805350B15388AF0000E1BAC;
			remoteInfo = proj;
		};
		F805351915388AFB000E1BAC /* PBXContainerItemProxy */ = {
			isa = PBXContainerItemProxy;
			containerPortal = F89739FF1538846600EAB41E /* Project object */;
			proxyType = 1;
			remoteGlobalIDString = F805350F15388AF3000E1BAC;
			remoteInfo = postgis;
		};
		F87A4285153AB65200456130 /* PBXContainerItemProxy */ = {
			isa = PBXContainerItemProxy;
			containerPortal = F89739FF1538846600EAB41E /* Project object */;
			proxyType = 1;
			remoteGlobalIDString = F87A426C153AB60C00456130;
			remoteInfo = "PostgresHelper";
		};
		F8973A4B1538858900EAB41E /* PBXContainerItemProxy */ = {
			isa = PBXContainerItemProxy;
			containerPortal = F89739FF1538846600EAB41E /* Project object */;
			proxyType = 1;
			remoteGlobalIDString = F8973A3B1538851D00EAB41E;
			remoteInfo = "postgres-service";
		};
/* End PBXContainerItemProxy section */

/* Begin PBXCopyFilesBuildPhase section */
		F80534EF15388783000E1BAC /* Copy postgres Executables */ = {
			isa = PBXCopyFilesBuildPhase;
			buildActionMask = 2147483647;
			dstPath = "";
			dstSubfolderSpec = 6;
			files = (
				F80534FB1538884E000E1BAC /* bin in Copy postgres Executables */,
				F80534FC1538884E000E1BAC /* include in Copy postgres Executables */,
				F80534FD1538884E000E1BAC /* lib in Copy postgres Executables */,
				F80534FE1538884E000E1BAC /* share in Copy postgres Executables */,
			);
			name = "Copy postgres Executables";
			runOnlyForDeploymentPostprocessing = 0;
		};
		F87A4287153AB65800456130 /* Copy Helper Application */ = {
			isa = PBXCopyFilesBuildPhase;
			buildActionMask = 2147483647;
			dstPath = Contents/Library/LoginItems;
			dstSubfolderSpec = 1;
			files = (
				F884C8F1153C786D00CDCB09 /* PostgresHelper.app in Copy Helper Application */,
			);
			name = "Copy Helper Application";
			runOnlyForDeploymentPostprocessing = 0;
		};
		F8973A51153885A100EAB41E /* Copy XPC Service */ = {
			isa = PBXCopyFilesBuildPhase;
			buildActionMask = 2147483647;
			dstPath = Contents/XPCServices;
			dstSubfolderSpec = 1;
			files = (
				F8973A52153885BD00EAB41E /* com.heroku.postgres-service.xpc in Copy XPC Service */,
			);
			name = "Copy XPC Service";
			runOnlyForDeploymentPostprocessing = 0;
		};
/* End PBXCopyFilesBuildPhase section */

/* Begin PBXFileReference section */
		F80534F31538884A000E1BAC /* bin */ = {isa = PBXFileReference; lastKnownFileType = folder; name = bin; path = Postgres/Vendor/postgres/bin; sourceTree = "<group>"; };
		F80534F41538884A000E1BAC /* include */ = {isa = PBXFileReference; lastKnownFileType = folder; name = include; path = Postgres/Vendor/postgres/include; sourceTree = "<group>"; };
		F80534F51538884A000E1BAC /* lib */ = {isa = PBXFileReference; lastKnownFileType = folder; name = lib; path = Postgres/Vendor/postgres/lib; sourceTree = "<group>"; };
		F80534F61538884A000E1BAC /* share */ = {isa = PBXFileReference; lastKnownFileType = folder; name = share; path = Postgres/Vendor/postgres/share; sourceTree = "<group>"; };
		F813866F1538E586003A83F9 /* PostgresConnectionURLValueTransformer.h */ = {isa = PBXFileReference; fileEncoding = 4; lastKnownFileType = sourcecode.c.h; path = PostgresConnectionURLValueTransformer.h; sourceTree = "<group>"; };
		F81386701538E586003A83F9 /* PostgresConnectionURLValueTransformer.m */ = {isa = PBXFileReference; fileEncoding = 4; lastKnownFileType = sourcecode.c.objc; path = PostgresConnectionURLValueTransformer.m; sourceTree = "<group>"; };
		F87A4264153AB23D00456130 /* en */ = {isa = PBXFileReference; lastKnownFileType = image.png; name = en; path = "en.lproj/pg-elephant-status-item.png"; sourceTree = "<group>"; };
		F87A426D153AB60C00456130 /* PostgresHelper.app */ = {isa = PBXFileReference; explicitFileType = wrapper.application; includeInIndex = 0; path = PostgresHelper.app; sourceTree = BUILT_PRODUCTS_DIR; };
		F87A4272153AB60C00456130 /* PostgresHelper-Info.plist */ = {isa = PBXFileReference; lastKnownFileType = text.plist.xml; path = "PostgresHelper-Info.plist"; sourceTree = "<group>"; };
		F87A4274153AB60C00456130 /* en */ = {isa = PBXFileReference; lastKnownFileType = text.plist.strings; name = en; path = en.lproj/InfoPlist.strings; sourceTree = "<group>"; };
		F87A4276153AB60C00456130 /* main.m */ = {isa = PBXFileReference; lastKnownFileType = sourcecode.c.objc; path = main.m; sourceTree = "<group>"; };
		F87A4278153AB60C00456130 /* PostgresHelper-Prefix.pch */ = {isa = PBXFileReference; lastKnownFileType = sourcecode.c.h; path = "PostgresHelper-Prefix.pch"; sourceTree = "<group>"; };
		F87A427A153AB60C00456130 /* en */ = {isa = PBXFileReference; lastKnownFileType = text.rtf; name = en; path = en.lproj/Credits.rtf; sourceTree = "<group>"; };
		F87A427C153AB60C00456130 /* AppDelegate.h */ = {isa = PBXFileReference; lastKnownFileType = sourcecode.c.h; path = AppDelegate.h; sourceTree = "<group>"; };
		F87A427D153AB60C00456130 /* AppDelegate.m */ = {isa = PBXFileReference; lastKnownFileType = sourcecode.c.objc; path = AppDelegate.m; sourceTree = "<group>"; };
		F87A4280153AB60C00456130 /* en */ = {isa = PBXFileReference; lastKnownFileType = file.xib; name = en; path = en.lproj/MainMenu.xib; sourceTree = "<group>"; };
		F884C8ED153C76E900CDCB09 /* ServiceManagement.framework */ = {isa = PBXFileReference; lastKnownFileType = wrapper.framework; name = ServiceManagement.framework; path = System/Library/Frameworks/ServiceManagement.framework; sourceTree = SDKROOT; };
		F884C8F3153C7A4C00CDCB09 /* PostgresHelper.entitlements */ = {isa = PBXFileReference; lastKnownFileType = text.xml; name = PostgresHelper.entitlements; path = ../PostgresHelper.entitlements; sourceTree = "<group>"; };
		F8973A081538846600EAB41E /* Postgres.app */ = {isa = PBXFileReference; explicitFileType = wrapper.application; includeInIndex = 0; path = Postgres.app; sourceTree = BUILT_PRODUCTS_DIR; };
		F8973A0C1538846600EAB41E /* Cocoa.framework */ = {isa = PBXFileReference; lastKnownFileType = wrapper.framework; name = Cocoa.framework; path = System/Library/Frameworks/Cocoa.framework; sourceTree = SDKROOT; };
		F8973A0F1538846600EAB41E /* AppKit.framework */ = {isa = PBXFileReference; lastKnownFileType = wrapper.framework; name = AppKit.framework; path = System/Library/Frameworks/AppKit.framework; sourceTree = SDKROOT; };
		F8973A101538846600EAB41E /* CoreData.framework */ = {isa = PBXFileReference; lastKnownFileType = wrapper.framework; name = CoreData.framework; path = System/Library/Frameworks/CoreData.framework; sourceTree = SDKROOT; };
		F8973A111538846600EAB41E /* Foundation.framework */ = {isa = PBXFileReference; lastKnownFileType = wrapper.framework; name = Foundation.framework; path = System/Library/Frameworks/Foundation.framework; sourceTree = SDKROOT; };
		F8973A141538846600EAB41E /* Postgres-Info.plist */ = {isa = PBXFileReference; lastKnownFileType = text.plist.xml; path = "Postgres-Info.plist"; sourceTree = "<group>"; };
		F8973A161538846600EAB41E /* en */ = {isa = PBXFileReference; lastKnownFileType = text.plist.strings; name = en; path = en.lproj/InfoPlist.strings; sourceTree = "<group>"; };
		F8973A181538846600EAB41E /* main.m */ = {isa = PBXFileReference; lastKnownFileType = sourcecode.c.objc; path = main.m; sourceTree = "<group>"; };
		F8973A1A1538846600EAB41E /* Postgres-Prefix.pch */ = {isa = PBXFileReference; lastKnownFileType = sourcecode.c.h; path = "Postgres-Prefix.pch"; sourceTree = "<group>"; };
		F8973A1C1538846600EAB41E /* en */ = {isa = PBXFileReference; lastKnownFileType = text.rtf; name = en; path = en.lproj/Credits.rtf; sourceTree = "<group>"; };
		F8973A1E1538846600EAB41E /* AppDelegate.h */ = {isa = PBXFileReference; lastKnownFileType = sourcecode.c.h; path = AppDelegate.h; sourceTree = "<group>"; };
		F8973A1F1538846600EAB41E /* AppDelegate.m */ = {isa = PBXFileReference; lastKnownFileType = sourcecode.c.objc; path = AppDelegate.m; sourceTree = "<group>"; };
		F8973A221538846600EAB41E /* en */ = {isa = PBXFileReference; lastKnownFileType = file.xib; name = en; path = en.lproj/MainMenu.xib; sourceTree = "<group>"; };
		F8973A2E153884A900EAB41E /* NSFileManager+DirectoryLocations.h */ = {isa = PBXFileReference; fileEncoding = 4; lastKnownFileType = sourcecode.c.h; path = "NSFileManager+DirectoryLocations.h"; sourceTree = "<group>"; };
		F8973A2F153884A900EAB41E /* NSFileManager+DirectoryLocations.m */ = {isa = PBXFileReference; fileEncoding = 4; lastKnownFileType = sourcecode.c.objc; path = "NSFileManager+DirectoryLocations.m"; sourceTree = "<group>"; };
		F8973A35153884EF00EAB41E /* PostgresServer.m */ = {isa = PBXFileReference; fileEncoding = 4; lastKnownFileType = sourcecode.c.objc; path = PostgresServer.m; sourceTree = "<group>"; };
		F8973A36153884EF00EAB41E /* PostgresServer.h */ = {isa = PBXFileReference; fileEncoding = 4; lastKnownFileType = sourcecode.c.h; path = PostgresServer.h; sourceTree = "<group>"; };
		F8973A3C1538851D00EAB41E /* com.heroku.postgres-service.xpc */ = {isa = PBXFileReference; explicitFileType = wrapper.cfbundle; includeInIndex = 0; path = "com.heroku.postgres-service.xpc"; sourceTree = BUILT_PRODUCTS_DIR; };
		F8973A3D1538851D00EAB41E /* Foundation.framework */ = {isa = PBXFileReference; lastKnownFileType = wrapper.framework; name = Foundation.framework; path = System/Library/Frameworks/Foundation.framework; sourceTree = SDKROOT; };
		F8973A411538851D00EAB41E /* postgres-service-Info.plist */ = {isa = PBXFileReference; lastKnownFileType = text.plist.xml; path = "postgres-service-Info.plist"; sourceTree = "<group>"; };
		F8973A431538851D00EAB41E /* en */ = {isa = PBXFileReference; lastKnownFileType = text.plist.strings; name = en; path = en.lproj/InfoPlist.strings; sourceTree = "<group>"; };
		F8973A451538851D00EAB41E /* postgres-service-Prefix.pch */ = {isa = PBXFileReference; lastKnownFileType = sourcecode.c.h; path = "postgres-service-Prefix.pch"; sourceTree = "<group>"; };
		F8973A461538851D00EAB41E /* main.m */ = {isa = PBXFileReference; lastKnownFileType = sourcecode.c.objc; path = main.m; sourceTree = "<group>"; };
		F8973A531538869700EAB41E /* Postgres.entitlements */ = {isa = PBXFileReference; lastKnownFileType = text.xml; path = Postgres.entitlements; sourceTree = "<group>"; };
/* End PBXFileReference section */

/* Begin PBXFrameworksBuildPhase section */
		F87A426A153AB60C00456130 /* Frameworks */ = {
			isa = PBXFrameworksBuildPhase;
			buildActionMask = 2147483647;
			files = (
				F87A426F153AB60C00456130 /* Cocoa.framework in Frameworks */,
			);
			runOnlyForDeploymentPostprocessing = 0;
		};
		F8973A051538846600EAB41E /* Frameworks */ = {
			isa = PBXFrameworksBuildPhase;
			buildActionMask = 2147483647;
			files = (
				F884C8F0153C76F800CDCB09 /* ServiceManagement.framework in Frameworks */,
				F8973A0D1538846600EAB41E /* Cocoa.framework in Frameworks */,
			);
			runOnlyForDeploymentPostprocessing = 0;
		};
		F8973A391538851D00EAB41E /* Frameworks */ = {
			isa = PBXFrameworksBuildPhase;
			buildActionMask = 2147483647;
			files = (
				F8973A3E1538851D00EAB41E /* Foundation.framework in Frameworks */,
			);
			runOnlyForDeploymentPostprocessing = 0;
		};
/* End PBXFrameworksBuildPhase section */

/* Begin PBXGroup section */
		F80534F21538883D000E1BAC /* postgres */ = {
			isa = PBXGroup;
			children = (
				F80534F31538884A000E1BAC /* bin */,
				F80534F41538884A000E1BAC /* include */,
				F80534F51538884A000E1BAC /* lib */,
				F80534F61538884A000E1BAC /* share */,
			);
			name = postgres;
			sourceTree = "<group>";
		};
		F87A4267153AB23F00456130 /* Images */ = {
			isa = PBXGroup;
			children = (
				F87A4268153AB24600456130 /* Status Item */,
			);
			name = Images;
			sourceTree = "<group>";
		};
		F87A4268153AB24600456130 /* Status Item */ = {
			isa = PBXGroup;
			children = (
				F87A4263153AB23D00456130 /* pg-elephant-status-item.png */,
			);
			name = "Status Item";
			sourceTree = "<group>";
		};
		F87A4270153AB60C00456130 /* PostgresHelper */ = {
			isa = PBXGroup;
			children = (
				F884C8F3153C7A4C00CDCB09 /* PostgresHelper.entitlements */,
				F87A427C153AB60C00456130 /* AppDelegate.h */,
				F87A427D153AB60C00456130 /* AppDelegate.m */,
				F87A427F153AB60C00456130 /* MainMenu.xib */,
				F87A4271153AB60C00456130 /* Supporting Files */,
			);
			name = PostgresHelper;
			path = "PostgresHelper";
			sourceTree = "<group>";
		};
		F87A4271153AB60C00456130 /* Supporting Files */ = {
			isa = PBXGroup;
			children = (
				F87A4272153AB60C00456130 /* PostgresHelper-Info.plist */,
				F87A4273153AB60C00456130 /* InfoPlist.strings */,
				F87A4276153AB60C00456130 /* main.m */,
				F87A4278153AB60C00456130 /* PostgresHelper-Prefix.pch */,
				F87A4279153AB60C00456130 /* Credits.rtf */,
			);
			name = "Supporting Files";
			sourceTree = "<group>";
		};
		F89739FD1538846600EAB41E = {
			isa = PBXGroup;
			children = (
				F8973A121538846600EAB41E /* Postgres */,
				F87A4270153AB60C00456130 /* PostgresHelper */,
				F8973A3F1538851D00EAB41E /* postgres-service */,
				F8973A32153884AC00EAB41E /* Vendor */,
				F8973A0B1538846600EAB41E /* Frameworks */,
				F8973A091538846600EAB41E /* Products */,
			);
			sourceTree = "<group>";
		};
		F8973A091538846600EAB41E /* Products */ = {
			isa = PBXGroup;
			children = (
				F8973A081538846600EAB41E /* Postgres.app */,
				F8973A3C1538851D00EAB41E /* com.heroku.postgres-service.xpc */,
				F87A426D153AB60C00456130 /* PostgresHelper.app */,
			);
			name = Products;
			sourceTree = "<group>";
		};
		F8973A0B1538846600EAB41E /* Frameworks */ = {
			isa = PBXGroup;
			children = (
				F884C8ED153C76E900CDCB09 /* ServiceManagement.framework */,
				F8973A0C1538846600EAB41E /* Cocoa.framework */,
				F8973A3D1538851D00EAB41E /* Foundation.framework */,
				F8973A0E1538846600EAB41E /* Other Frameworks */,
			);
			name = Frameworks;
			sourceTree = "<group>";
		};
		F8973A0E1538846600EAB41E /* Other Frameworks */ = {
			isa = PBXGroup;
			children = (
				F8973A0F1538846600EAB41E /* AppKit.framework */,
				F8973A101538846600EAB41E /* CoreData.framework */,
				F8973A111538846600EAB41E /* Foundation.framework */,
			);
			name = "Other Frameworks";
			sourceTree = "<group>";
		};
		F8973A121538846600EAB41E /* Postgres */ = {
			isa = PBXGroup;
			children = (
				F8973A531538869700EAB41E /* Postgres.entitlements */,
				F8973A2D153884A900EAB41E /* Categories */,
				F8973A1E1538846600EAB41E /* AppDelegate.h */,
				F8973A1F1538846600EAB41E /* AppDelegate.m */,
				F8973A36153884EF00EAB41E /* PostgresServer.h */,
				F8973A35153884EF00EAB41E /* PostgresServer.m */,
				F8973A211538846600EAB41E /* MainMenu.xib */,
				F813866F1538E586003A83F9 /* PostgresConnectionURLValueTransformer.h */,
				F81386701538E586003A83F9 /* PostgresConnectionURLValueTransformer.m */,
				F8973A131538846600EAB41E /* Supporting Files */,
			);
			path = Postgres;
			sourceTree = "<group>";
		};
		F8973A131538846600EAB41E /* Supporting Files */ = {
			isa = PBXGroup;
			children = (
				F8973A141538846600EAB41E /* Postgres-Info.plist */,
				F8973A151538846600EAB41E /* InfoPlist.strings */,
				F8973A181538846600EAB41E /* main.m */,
				F8973A1A1538846600EAB41E /* Postgres-Prefix.pch */,
				F8973A1B1538846600EAB41E /* Credits.rtf */,
				F87A4267153AB23F00456130 /* Images */,
			);
			name = "Supporting Files";
			sourceTree = "<group>";
		};
		F8973A2D153884A900EAB41E /* Categories */ = {
			isa = PBXGroup;
			children = (
				F8973A2E153884A900EAB41E /* NSFileManager+DirectoryLocations.h */,
				F8973A2F153884A900EAB41E /* NSFileManager+DirectoryLocations.m */,
			);
			path = Categories;
			sourceTree = "<group>";
		};
		F8973A32153884AC00EAB41E /* Vendor */ = {
			isa = PBXGroup;
			children = (
				F80534F21538883D000E1BAC /* postgres */,
			);
			name = Vendor;
			sourceTree = "<group>";
		};
		F8973A3F1538851D00EAB41E /* postgres-service */ = {
			isa = PBXGroup;
			children = (
				F8973A461538851D00EAB41E /* main.m */,
				F8973A401538851D00EAB41E /* Supporting Files */,
			);
			path = "postgres-service";
			sourceTree = "<group>";
		};
		F8973A401538851D00EAB41E /* Supporting Files */ = {
			isa = PBXGroup;
			children = (
				F8973A411538851D00EAB41E /* postgres-service-Info.plist */,
				F8973A421538851D00EAB41E /* InfoPlist.strings */,
				F8973A451538851D00EAB41E /* postgres-service-Prefix.pch */,
			);
			name = "Supporting Files";
			sourceTree = "<group>";
		};
/* End PBXGroup section */

/* Begin PBXNativeTarget section */
		F87A426C153AB60C00456130 /* PostgresHelper */ = {
			isa = PBXNativeTarget;
			buildConfigurationList = F87A4282153AB60C00456130 /* Build configuration list for PBXNativeTarget "PostgresHelper" */;
			buildPhases = (
				F87A4269153AB60C00456130 /* Sources */,
				F87A426A153AB60C00456130 /* Frameworks */,
				F87A426B153AB60C00456130 /* Resources */,
			);
			buildRules = (
			);
			dependencies = (
			);
			name = PostgresHelper;
			productName = "PostgresHelper";
			productReference = F87A426D153AB60C00456130 /* PostgresHelper.app */;
			productType = "com.apple.product-type.application";
		};
		F8973A071538846600EAB41E /* Postgres */ = {
			isa = PBXNativeTarget;
			buildConfigurationList = F8973A261538846600EAB41E /* Build configuration list for PBXNativeTarget "Postgres" */;
			buildPhases = (
				F8973A041538846600EAB41E /* Sources */,
				F8973A051538846600EAB41E /* Frameworks */,
				F8973A061538846600EAB41E /* Resources */,
				F80534EF15388783000E1BAC /* Copy postgres Executables */,
				F8973A51153885A100EAB41E /* Copy XPC Service */,
				F87A4287153AB65800456130 /* Copy Helper Application */,
			);
			buildRules = (
			);
			dependencies = (
				F8973A4C1538858900EAB41E /* PBXTargetDependency */,
				F87A4286153AB65200456130 /* PBXTargetDependency */,
			);
			name = Postgres;
			productName = Postgres;
			productReference = F8973A081538846600EAB41E /* Postgres.app */;
			productType = "com.apple.product-type.application";
		};
		F8973A3B1538851D00EAB41E /* postgres-service */ = {
			isa = PBXNativeTarget;
			buildConfigurationList = F8973A481538851D00EAB41E /* Build configuration list for PBXNativeTarget "postgres-service" */;
			buildPhases = (
				F8973A381538851D00EAB41E /* Sources */,
				F8973A391538851D00EAB41E /* Frameworks */,
				F8973A3A1538851D00EAB41E /* Resources */,
			);
			buildRules = (
			);
			dependencies = (
			);
			name = "postgres-service";
			productName = "postgres-service";
			productReference = F8973A3C1538851D00EAB41E /* com.heroku.postgres-service.xpc */;
			productType = "com.apple.product-type.bundle";
		};
/* End PBXNativeTarget section */

/* Begin PBXProject section */
		F89739FF1538846600EAB41E /* Project object */ = {
			isa = PBXProject;
			attributes = {
				LastUpgradeCheck = 0420;
			};
			buildConfigurationList = F8973A021538846600EAB41E /* Build configuration list for PBXProject "Postgres" */;
			compatibilityVersion = "Xcode 3.2";
			developmentRegion = English;
			hasScannedForEncodings = 0;
			knownRegions = (
				en,
			);
			mainGroup = F89739FD1538846600EAB41E;
			productRefGroup = F8973A091538846600EAB41E /* Products */;
			projectDirPath = "";
			projectRoot = "";
			targets = (
				F8973A071538846600EAB41E /* Postgres */,
				F87A426C153AB60C00456130 /* PostgresHelper */,
				F8973A3B1538851D00EAB41E /* postgres-service */,
				F80534FF15388AD6000E1BAC /* postgres-binaries */,
				F805350315388AE4000E1BAC /* postgres */,
				F805350715388AEC000E1BAC /* geos */,
				F805350B15388AF0000E1BAC /* proj */,
				F805350F15388AF3000E1BAC /* postgis */,
			);
		};
/* End PBXProject section */

/* Begin PBXResourcesBuildPhase section */
		F87A426B153AB60C00456130 /* Resources */ = {
			isa = PBXResourcesBuildPhase;
			buildActionMask = 2147483647;
			files = (
				F87A4275153AB60C00456130 /* InfoPlist.strings in Resources */,
				F87A427B153AB60C00456130 /* Credits.rtf in Resources */,
				F87A4281153AB60C00456130 /* MainMenu.xib in Resources */,
			);
			runOnlyForDeploymentPostprocessing = 0;
		};
		F8973A061538846600EAB41E /* Resources */ = {
			isa = PBXResourcesBuildPhase;
			buildActionMask = 2147483647;
			files = (
				F8973A171538846600EAB41E /* InfoPlist.strings in Resources */,
				F8973A1D1538846600EAB41E /* Credits.rtf in Resources */,
				F8973A231538846600EAB41E /* MainMenu.xib in Resources */,
				F80534F71538884A000E1BAC /* bin in Resources */,
				F80534F81538884A000E1BAC /* include in Resources */,
				F80534F91538884A000E1BAC /* lib in Resources */,
				F80534FA1538884A000E1BAC /* share in Resources */,
				F87A4265153AB23D00456130 /* pg-elephant-status-item.png in Resources */,
			);
			runOnlyForDeploymentPostprocessing = 0;
		};
		F8973A3A1538851D00EAB41E /* Resources */ = {
			isa = PBXResourcesBuildPhase;
			buildActionMask = 2147483647;
			files = (
				F8973A441538851D00EAB41E /* InfoPlist.strings in Resources */,
			);
			runOnlyForDeploymentPostprocessing = 0;
		};
/* End PBXResourcesBuildPhase section */

/* Begin PBXShellScriptBuildPhase section */
		F805351B15388B0A000E1BAC /* Download, Configure, & Install postgres */ = {
			isa = PBXShellScriptBuildPhase;
			buildActionMask = 2147483647;
			files = (
			);
			inputPaths = (
			);
			name = "Download, Configure, & Install postgres";
			outputPaths = (
			);
			runOnlyForDeploymentPostprocessing = 0;
			shellPath = /bin/sh;
			shellScript = "#!/bin/sh\n\nmkdir -p ${PROJECT_DIR}/src\ncd ${PROJECT_DIR}/src\n\n/usr/bin/curl -O \"http://ftp.postgresql.org/pub/source/v9.1.3/postgresql-9.1.3.tar.bz2\"\n/usr/bin/tar xzf postgresql-9.1.3.tar.bz2\ncd postgresql-9.1.3\n\nsh ./configure --prefix=${PROJECT_DIR}/Postgres/Vendor/postgres --enable-thread-safety --with-openssl --with-gssapi --with-bonjour --with-krb5 --with-libxml --with-libxslt --with-ossp-uuid --with-perl --with-python\n/usr/bin/make install-world\n";
		};
		F805351C15388B2A000E1BAC /* Download, Configure, & Install geos */ = {
			isa = PBXShellScriptBuildPhase;
			buildActionMask = 2147483647;
			files = (
			);
			inputPaths = (
			);
			name = "Download, Configure, & Install geos";
			outputPaths = (
			);
			runOnlyForDeploymentPostprocessing = 0;
			shellPath = /bin/sh;
			shellScript = "#!/bin/sh\n\nmkdir -p ${PROJECT_DIR}/src\ncd ${PROJECT_DIR}/src\n\n/usr/bin/curl -O \"http://download.osgeo.org/geos/geos-3.3.2.tar.bz2\"\n/usr/bin/tar xzf geos-3.3.2.tar.bz2\ncd geos-3.3.2\n\n/usr/bin/sed -i -e 's/@CFLAGS@$/@CFLAGS@ -O1/g' ./src/geom/Makefile.in\n/usr/bin/sed -i -e 's/@CXXFLAGS@$/@CXXFLAGS@ -O1/g' ./src/geom/Makefile.in\n\nsh ./configure --prefix=${PROJECT_DIR}/Postgres/Vendor/postgres\n/usr/bin/make install";
		};
		F805351D15388B54000E1BAC /* Download, Configure, & Install proj */ = {
			isa = PBXShellScriptBuildPhase;
			buildActionMask = 2147483647;
			files = (
			);
			inputPaths = (
			);
			name = "Download, Configure, & Install proj";
			outputPaths = (
			);
			runOnlyForDeploymentPostprocessing = 0;
			shellPath = /bin/sh;
			shellScript = "#!/bin/sh\n\nmkdir -p ${PROJECT_DIR}/src\ncd ${PROJECT_DIR}/src\n\n/usr/bin/curl -O \"http://download.osgeo.org/proj/proj-4.7.0.tar.gz\"\n/usr/bin/tar xzf proj-4.7.0.tar.gz\n\n/usr/bin/curl -O \"http://download.osgeo.org/proj/proj-datumgrid-1.5.zip\"\n/usr/bin/unzip -o proj-datumgrid-1.5.zip -d ./proj-4.7.0/nad\n\ncd proj-4.7.0\n\nsh ./configure --prefix=${PROJECT_DIR}/Postgres/Vendor/postgres\n/usr/bin/make install\n";
		};
		F805351F15388B74000E1BAC /* Download, Configure, & Install postgis */ = {
			isa = PBXShellScriptBuildPhase;
			buildActionMask = 2147483647;
			files = (
			);
			inputPaths = (
			);
			name = "Download, Configure, & Install postgis";
			outputPaths = (
			);
			runOnlyForDeploymentPostprocessing = 0;
			shellPath = /bin/sh;
			shellScript = "#!/bin/sh\n\nmkdir -p ${PROJECT_DIR}/src\ncd ${PROJECT_DIR}/src\n\n/usr/bin/curl -O \"http://postgis.refractions.net/download/postgis-1.5.3.tar.gz\"\n/usr/bin/tar xzf postgis-1.5.3.tar.gz\ncd postgis-1.5.3\n\nsh ./autogen.sh\nsh ./configure --with-pgconfig=${PROJECT_DIR}/Postgres/Vendor/postgres/bin/pg_config --with-geosconfig=${PROJECT_DIR}/Postgres/Vendor/postgres/bin/geos-config --with-projdir=${PROJECT_DIR}/Postgres/Vendor/postgres/ --disable-nls\n/usr/bin/make\n/usr/bin/make install";
		};
/* End PBXShellScriptBuildPhase section */

/* Begin PBXSourcesBuildPhase section */
		F87A4269153AB60C00456130 /* Sources */ = {
			isa = PBXSourcesBuildPhase;
			buildActionMask = 2147483647;
			files = (
				F87A4277153AB60C00456130 /* main.m in Sources */,
				F87A427E153AB60C00456130 /* AppDelegate.m in Sources */,
			);
			runOnlyForDeploymentPostprocessing = 0;
		};
		F8973A041538846600EAB41E /* Sources */ = {
			isa = PBXSourcesBuildPhase;
			buildActionMask = 2147483647;
			files = (
				F8973A191538846600EAB41E /* main.m in Sources */,
				F8973A201538846600EAB41E /* AppDelegate.m in Sources */,
				F8973A30153884A900EAB41E /* NSFileManager+DirectoryLocations.m in Sources */,
				F8973A37153884EF00EAB41E /* PostgresServer.m in Sources */,
				F81386711538E586003A83F9 /* PostgresConnectionURLValueTransformer.m in Sources */,
			);
			runOnlyForDeploymentPostprocessing = 0;
		};
		F8973A381538851D00EAB41E /* Sources */ = {
			isa = PBXSourcesBuildPhase;
			buildActionMask = 2147483647;
			files = (
				F8973A471538851D00EAB41E /* main.m in Sources */,
			);
			runOnlyForDeploymentPostprocessing = 0;
		};
/* End PBXSourcesBuildPhase section */

/* Begin PBXTargetDependency section */
		F805351415388AFB000E1BAC /* PBXTargetDependency */ = {
			isa = PBXTargetDependency;
			target = F805350315388AE4000E1BAC /* postgres */;
			targetProxy = F805351315388AFB000E1BAC /* PBXContainerItemProxy */;
		};
		F805351615388AFB000E1BAC /* PBXTargetDependency */ = {
			isa = PBXTargetDependency;
			target = F805350715388AEC000E1BAC /* geos */;
			targetProxy = F805351515388AFB000E1BAC /* PBXContainerItemProxy */;
		};
		F805351815388AFB000E1BAC /* PBXTargetDependency */ = {
			isa = PBXTargetDependency;
			target = F805350B15388AF0000E1BAC /* proj */;
			targetProxy = F805351715388AFB000E1BAC /* PBXContainerItemProxy */;
		};
		F805351A15388AFB000E1BAC /* PBXTargetDependency */ = {
			isa = PBXTargetDependency;
			target = F805350F15388AF3000E1BAC /* postgis */;
			targetProxy = F805351915388AFB000E1BAC /* PBXContainerItemProxy */;
		};
		F87A4286153AB65200456130 /* PBXTargetDependency */ = {
			isa = PBXTargetDependency;
			target = F87A426C153AB60C00456130 /* PostgresHelper */;
			targetProxy = F87A4285153AB65200456130 /* PBXContainerItemProxy */;
		};
		F8973A4C1538858900EAB41E /* PBXTargetDependency */ = {
			isa = PBXTargetDependency;
			target = F8973A3B1538851D00EAB41E /* postgres-service */;
			targetProxy = F8973A4B1538858900EAB41E /* PBXContainerItemProxy */;
		};
/* End PBXTargetDependency section */

/* Begin PBXVariantGroup section */
		F87A4263153AB23D00456130 /* pg-elephant-status-item.png */ = {
			isa = PBXVariantGroup;
			children = (
				F87A4264153AB23D00456130 /* en */,
			);
			name = "pg-elephant-status-item.png";
			sourceTree = "<group>";
		};
		F87A4273153AB60C00456130 /* InfoPlist.strings */ = {
			isa = PBXVariantGroup;
			children = (
				F87A4274153AB60C00456130 /* en */,
			);
			name = InfoPlist.strings;
			sourceTree = "<group>";
		};
		F87A4279153AB60C00456130 /* Credits.rtf */ = {
			isa = PBXVariantGroup;
			children = (
				F87A427A153AB60C00456130 /* en */,
			);
			name = Credits.rtf;
			sourceTree = "<group>";
		};
		F87A427F153AB60C00456130 /* MainMenu.xib */ = {
			isa = PBXVariantGroup;
			children = (
				F87A4280153AB60C00456130 /* en */,
			);
			name = MainMenu.xib;
			sourceTree = "<group>";
		};
		F8973A151538846600EAB41E /* InfoPlist.strings */ = {
			isa = PBXVariantGroup;
			children = (
				F8973A161538846600EAB41E /* en */,
			);
			name = InfoPlist.strings;
			sourceTree = "<group>";
		};
		F8973A1B1538846600EAB41E /* Credits.rtf */ = {
			isa = PBXVariantGroup;
			children = (
				F8973A1C1538846600EAB41E /* en */,
			);
			name = Credits.rtf;
			sourceTree = "<group>";
		};
		F8973A211538846600EAB41E /* MainMenu.xib */ = {
			isa = PBXVariantGroup;
			children = (
				F8973A221538846600EAB41E /* en */,
			);
			name = MainMenu.xib;
			sourceTree = "<group>";
		};
		F8973A421538851D00EAB41E /* InfoPlist.strings */ = {
			isa = PBXVariantGroup;
			children = (
				F8973A431538851D00EAB41E /* en */,
			);
			name = InfoPlist.strings;
			sourceTree = "<group>";
		};
/* End PBXVariantGroup section */

/* Begin XCBuildConfiguration section */
		F805350115388AD6000E1BAC /* Debug */ = {
			isa = XCBuildConfiguration;
			buildSettings = {
				PRODUCT_NAME = "$(TARGET_NAME)";
			};
			name = Debug;
		};
		F805350215388AD6000E1BAC /* Release */ = {
			isa = XCBuildConfiguration;
			buildSettings = {
				PRODUCT_NAME = "$(TARGET_NAME)";
			};
			name = Release;
		};
		F805350515388AE5000E1BAC /* Debug */ = {
			isa = XCBuildConfiguration;
			buildSettings = {
				PRODUCT_NAME = "$(TARGET_NAME)";
			};
			name = Debug;
		};
		F805350615388AE5000E1BAC /* Release */ = {
			isa = XCBuildConfiguration;
			buildSettings = {
				PRODUCT_NAME = "$(TARGET_NAME)";
			};
			name = Release;
		};
		F805350915388AEC000E1BAC /* Debug */ = {
			isa = XCBuildConfiguration;
			buildSettings = {
				PRODUCT_NAME = "$(TARGET_NAME)";
			};
			name = Debug;
		};
		F805350A15388AEC000E1BAC /* Release */ = {
			isa = XCBuildConfiguration;
			buildSettings = {
				PRODUCT_NAME = "$(TARGET_NAME)";
			};
			name = Release;
		};
		F805350D15388AF0000E1BAC /* Debug */ = {
			isa = XCBuildConfiguration;
			buildSettings = {
				PRODUCT_NAME = "$(TARGET_NAME)";
			};
			name = Debug;
		};
		F805350E15388AF0000E1BAC /* Release */ = {
			isa = XCBuildConfiguration;
			buildSettings = {
				PRODUCT_NAME = "$(TARGET_NAME)";
			};
			name = Release;
		};
		F805351115388AF3000E1BAC /* Debug */ = {
			isa = XCBuildConfiguration;
			buildSettings = {
				PRODUCT_NAME = "$(TARGET_NAME)";
			};
			name = Debug;
		};
		F805351215388AF3000E1BAC /* Release */ = {
			isa = XCBuildConfiguration;
			buildSettings = {
				PRODUCT_NAME = "$(TARGET_NAME)";
			};
			name = Release;
		};
		F87A4283153AB60C00456130 /* Debug */ = {
			isa = XCBuildConfiguration;
			buildSettings = {
				CODE_SIGN_ENTITLEMENTS = PostgresHelper.entitlements;
				CODE_SIGN_IDENTITY = "Mac Developer: Mattt Thompson (78K26BBJN7)";
				GCC_PRECOMPILE_PREFIX_HEADER = YES;
				GCC_PREFIX_HEADER = "PostgresHelper/PostgresHelper-Prefix.pch";
				INFOPLIST_FILE = "PostgresHelper/PostgresHelper-Info.plist";
				PRODUCT_NAME = "$(TARGET_NAME)";
				PROVISIONING_PROFILE = "BC8EE9D5-BA42-4387-B6B6-D5399D81D8FE";
				WRAPPER_EXTENSION = app;
			};
			name = Debug;
		};
		F87A4284153AB60C00456130 /* Release */ = {
			isa = XCBuildConfiguration;
			buildSettings = {
				CODE_SIGN_ENTITLEMENTS = PostgresHelper.entitlements;
				CODE_SIGN_IDENTITY = "Mac Developer: Mattt Thompson (78K26BBJN7)";
				GCC_PRECOMPILE_PREFIX_HEADER = YES;
				GCC_PREFIX_HEADER = "PostgresHelper/PostgresHelper-Prefix.pch";
				INFOPLIST_FILE = "PostgresHelper/PostgresHelper-Info.plist";
				PRODUCT_NAME = "$(TARGET_NAME)";
				PROVISIONING_PROFILE = "BC8EE9D5-BA42-4387-B6B6-D5399D81D8FE";
				WRAPPER_EXTENSION = app;
			};
			name = Release;
		};
		F8973A241538846600EAB41E /* Debug */ = {
			isa = XCBuildConfiguration;
			buildSettings = {
				ALWAYS_SEARCH_USER_PATHS = NO;
				ARCHS = "$(ARCHS_STANDARD_64_BIT)";
				CLANG_ENABLE_OBJC_ARC = YES;
				COPY_PHASE_STRIP = NO;
				GCC_C_LANGUAGE_STANDARD = gnu99;
				GCC_DYNAMIC_NO_PIC = NO;
				GCC_ENABLE_OBJC_EXCEPTIONS = YES;
				GCC_OPTIMIZATION_LEVEL = 0;
				GCC_PREPROCESSOR_DEFINITIONS = (
					"DEBUG=1",
					"$(inherited)",
				);
				GCC_SYMBOLS_PRIVATE_EXTERN = NO;
				GCC_VERSION = com.apple.compilers.llvm.clang.1_0;
				GCC_WARN_64_TO_32_BIT_CONVERSION = YES;
				GCC_WARN_ABOUT_MISSING_PROTOTYPES = YES;
				GCC_WARN_ABOUT_RETURN_TYPE = YES;
				GCC_WARN_UNUSED_VARIABLE = YES;
				MACOSX_DEPLOYMENT_TARGET = 10.7;
				ONLY_ACTIVE_ARCH = YES;
				SDKROOT = macosx;
			};
			name = Debug;
		};
		F8973A251538846600EAB41E /* Release */ = {
			isa = XCBuildConfiguration;
			buildSettings = {
				ALWAYS_SEARCH_USER_PATHS = NO;
				ARCHS = "$(ARCHS_STANDARD_64_BIT)";
				CLANG_ENABLE_OBJC_ARC = YES;
				COPY_PHASE_STRIP = YES;
				DEBUG_INFORMATION_FORMAT = "dwarf-with-dsym";
				GCC_C_LANGUAGE_STANDARD = gnu99;
				GCC_ENABLE_OBJC_EXCEPTIONS = YES;
				GCC_VERSION = com.apple.compilers.llvm.clang.1_0;
				GCC_WARN_64_TO_32_BIT_CONVERSION = YES;
				GCC_WARN_ABOUT_MISSING_PROTOTYPES = YES;
				GCC_WARN_ABOUT_RETURN_TYPE = YES;
				GCC_WARN_UNUSED_VARIABLE = YES;
				MACOSX_DEPLOYMENT_TARGET = 10.7;
				SDKROOT = macosx;
			};
			name = Release;
		};
		F8973A271538846600EAB41E /* Debug */ = {
			isa = XCBuildConfiguration;
			buildSettings = {
				CODE_SIGN_ENTITLEMENTS = Postgres/Postgres.entitlements;
				CODE_SIGN_IDENTITY = "Mac Developer: Mattt Thompson (78K26BBJN7)";
				GCC_PRECOMPILE_PREFIX_HEADER = YES;
				GCC_PREFIX_HEADER = "Postgres/Postgres-Prefix.pch";
				INFOPLIST_FILE = "Postgres/Postgres-Info.plist";
				PRODUCT_NAME = "$(TARGET_NAME)";
				PROVISIONING_PROFILE = "BC8EE9D5-BA42-4387-B6B6-D5399D81D8FE";
				WRAPPER_EXTENSION = app;
			};
			name = Debug;
		};
		F8973A281538846600EAB41E /* Release */ = {
			isa = XCBuildConfiguration;
			buildSettings = {
				CODE_SIGN_ENTITLEMENTS = Postgres/Postgres.entitlements;
				CODE_SIGN_IDENTITY = "Mac Developer: Mattt Thompson (78K26BBJN7)";
				GCC_PRECOMPILE_PREFIX_HEADER = YES;
				GCC_PREFIX_HEADER = "Postgres/Postgres-Prefix.pch";
				INFOPLIST_FILE = "Postgres/Postgres-Info.plist";
				PRODUCT_NAME = "$(TARGET_NAME)";
				PROVISIONING_PROFILE = "BC8EE9D5-BA42-4387-B6B6-D5399D81D8FE";
				WRAPPER_EXTENSION = app;
			};
			name = Release;
		};
		F8973A491538851D00EAB41E /* Debug */ = {
			isa = XCBuildConfiguration;
			buildSettings = {
				GCC_PRECOMPILE_PREFIX_HEADER = YES;
				GCC_PREFIX_HEADER = "postgres-service/postgres-service-Prefix.pch";
				INFOPLIST_FILE = "postgres-service/postgres-service-Info.plist";
				MACH_O_TYPE = mh_execute;
				PRODUCT_NAME = "com.heroku.$(TARGET_NAME)";
				WRAPPER_EXTENSION = xpc;
			};
			name = Debug;
		};
		F8973A4A1538851D00EAB41E /* Release */ = {
			isa = XCBuildConfiguration;
			buildSettings = {
				GCC_PRECOMPILE_PREFIX_HEADER = YES;
				GCC_PREFIX_HEADER = "postgres-service/postgres-service-Prefix.pch";
				INFOPLIST_FILE = "postgres-service/postgres-service-Info.plist";
				MACH_O_TYPE = mh_execute;
				PRODUCT_NAME = "com.heroku.$(TARGET_NAME)";
				WRAPPER_EXTENSION = xpc;
			};
			name = Release;
		};
/* End XCBuildConfiguration section */

/* Begin XCConfigurationList section */
		F805350015388AD6000E1BAC /* Build configuration list for PBXAggregateTarget "postgres-binaries" */ = {
			isa = XCConfigurationList;
			buildConfigurations = (
				F805350115388AD6000E1BAC /* Debug */,
				F805350215388AD6000E1BAC /* Release */,
			);
			defaultConfigurationIsVisible = 0;
			defaultConfigurationName = Release;
		};
		F805350415388AE5000E1BAC /* Build configuration list for PBXAggregateTarget "postgres" */ = {
			isa = XCConfigurationList;
			buildConfigurations = (
				F805350515388AE5000E1BAC /* Debug */,
				F805350615388AE5000E1BAC /* Release */,
			);
			defaultConfigurationIsVisible = 0;
			defaultConfigurationName = Release;
		};
		F805350815388AEC000E1BAC /* Build configuration list for PBXAggregateTarget "geos" */ = {
			isa = XCConfigurationList;
			buildConfigurations = (
				F805350915388AEC000E1BAC /* Debug */,
				F805350A15388AEC000E1BAC /* Release */,
			);
			defaultConfigurationIsVisible = 0;
			defaultConfigurationName = Release;
		};
		F805350C15388AF0000E1BAC /* Build configuration list for PBXAggregateTarget "proj" */ = {
			isa = XCConfigurationList;
			buildConfigurations = (
				F805350D15388AF0000E1BAC /* Debug */,
				F805350E15388AF0000E1BAC /* Release */,
			);
			defaultConfigurationIsVisible = 0;
			defaultConfigurationName = Release;
		};
		F805351015388AF3000E1BAC /* Build configuration list for PBXAggregateTarget "postgis" */ = {
			isa = XCConfigurationList;
			buildConfigurations = (
				F805351115388AF3000E1BAC /* Debug */,
				F805351215388AF3000E1BAC /* Release */,
			);
			defaultConfigurationIsVisible = 0;
			defaultConfigurationName = Release;
		};
		F87A4282153AB60C00456130 /* Build configuration list for PBXNativeTarget "PostgresHelper" */ = {
			isa = XCConfigurationList;
			buildConfigurations = (
				F87A4283153AB60C00456130 /* Debug */,
				F87A4284153AB60C00456130 /* Release */,
			);
			defaultConfigurationIsVisible = 0;
			defaultConfigurationName = Release;
		};
		F8973A021538846600EAB41E /* Build configuration list for PBXProject "Postgres" */ = {
			isa = XCConfigurationList;
			buildConfigurations = (
				F8973A241538846600EAB41E /* Debug */,
				F8973A251538846600EAB41E /* Release */,
			);
			defaultConfigurationIsVisible = 0;
			defaultConfigurationName = Release;
		};
		F8973A261538846600EAB41E /* Build configuration list for PBXNativeTarget "Postgres" */ = {
			isa = XCConfigurationList;
			buildConfigurations = (
				F8973A271538846600EAB41E /* Debug */,
				F8973A281538846600EAB41E /* Release */,
			);
			defaultConfigurationIsVisible = 0;
			defaultConfigurationName = Release;
		};
		F8973A481538851D00EAB41E /* Build configuration list for PBXNativeTarget "postgres-service" */ = {
			isa = XCConfigurationList;
			buildConfigurations = (
				F8973A491538851D00EAB41E /* Debug */,
				F8973A4A1538851D00EAB41E /* Release */,
			);
			defaultConfigurationIsVisible = 0;
			defaultConfigurationName = Release;
		};
/* End XCConfigurationList section */
	};
	rootObject = F89739FF1538846600EAB41E /* Project object */;
}
