// !$*UTF8*$!
{
	archiveVersion = 1;
	classes = {
	};
	objectVersion = 46;
	objects = {

/* Begin PBXAggregateTarget section */
		F81C798B152E88E1008BE8BF /* pg_bin */ = {
			isa = PBXAggregateTarget;
			buildConfigurationList = F81C798C152E88E1008BE8BF /* Build configuration list for PBXAggregateTarget "pg_bin" */;
			buildPhases = (
				F81C798F152E88E6008BE8BF /* ShellScript */,
			);
			dependencies = (
			);
			name = pg_bin;
			productName = postgres;
		};
/* End PBXAggregateTarget section */

/* Begin PBXFileReference section */
		F81C7988152E8895008BE8BF /* postgres */ = {isa = PBXFileReference; lastKnownFileType = folder; path = postgres; sourceTree = "<group>"; };
/* End PBXFileReference section */

/* Begin PBXGroup section */
		F81C7970152E8850008BE8BF = {
			isa = PBXGroup;
			children = (
				F81C7988152E8895008BE8BF /* postgres */,
			);
			sourceTree = "<group>";
		};
/* End PBXGroup section */

/* Begin PBXProject section */
		F81C7972152E8850008BE8BF /* Project object */ = {
			isa = PBXProject;
			attributes = {
				LastUpgradeCheck = 0420;
			};
			buildConfigurationList = F81C7975152E8850008BE8BF /* Build configuration list for PBXProject "pg_bin" */;
			compatibilityVersion = "Xcode 3.2";
			developmentRegion = English;
			hasScannedForEncodings = 0;
			knownRegions = (
				en,
			);
			mainGroup = F81C7970152E8850008BE8BF;
			projectDirPath = "";
			projectRoot = "";
			targets = (
				F81C798B152E88E1008BE8BF /* pg_bin */,
			);
		};
/* End PBXProject section */

/* Begin PBXShellScriptBuildPhase section */
		F81C798F152E88E6008BE8BF /* ShellScript */ = {
			isa = PBXShellScriptBuildPhase;
			buildActionMask = 2147483647;
			files = (
			);
			inputPaths = (
			);
			outputPaths = (
			);
			runOnlyForDeploymentPostprocessing = 0;
			shellPath = /bin/sh;
			shellScript = "#!/bin/sh\n\ncd ${PROJECT_DIR}/postgres\nsh ./configure --prefix=${PROJECT_DIR}/PostgreSQL/Vendor/postgres\n/usr/bin/make\n/usr/bin/make install\n";
		};
/* End PBXShellScriptBuildPhase section */

/* Begin XCBuildConfiguration section */
		F81C7978152E8850008BE8BF /* Debug */ = {
			isa = XCBuildConfiguration;
			buildSettings = {
				ALWAYS_SEARCH_USER_PATHS = NO;
				ARCHS = "$(ARCHS_STANDARD_64_BIT)";
				COPY_PHASE_STRIP = NO;
				GCC_C_LANGUAGE_STANDARD = gnu99;
				GCC_DYNAMIC_NO_PIC = NO;
				GCC_ENABLE_OBJC_EXCEPTIONS = YES;
				GCC_OPTIMIZATION_LEVEL = 0;
				GCC_PREPROCESSOR_DEFINITIONS = (
					"DEBUG=1",
					"$(inherited)",
				);
				GCC_SYMBOLS_PRIVATE_EXTERN = NO;
				GCC_VERSION = com.apple.compilers.llvm.clang.1_0;
				GCC_WARN_64_TO_32_BIT_CONVERSION = YES;
				GCC_WARN_ABOUT_MISSING_PROTOTYPES = YES;
				GCC_WARN_ABOUT_RETURN_TYPE = YES;
				GCC_WARN_UNUSED_VARIABLE = YES;
				MACOSX_DEPLOYMENT_TARGET = 10.7;
				ONLY_ACTIVE_ARCH = YES;
				SDKROOT = macosx;
			};
			name = Debug;
		};
		F81C7979152E8850008BE8BF /* Release */ = {
			isa = XCBuildConfiguration;
			buildSettings = {
				ALWAYS_SEARCH_USER_PATHS = NO;
				ARCHS = "$(ARCHS_STANDARD_64_BIT)";
				COPY_PHASE_STRIP = YES;
				DEBUG_INFORMATION_FORMAT = "dwarf-with-dsym";
				GCC_C_LANGUAGE_STANDARD = gnu99;
				GCC_ENABLE_OBJC_EXCEPTIONS = YES;
				GCC_VERSION = com.apple.compilers.llvm.clang.1_0;
				GCC_WARN_64_TO_32_BIT_CONVERSION = YES;
				GCC_WARN_ABOUT_MISSING_PROTOTYPES = YES;
				GCC_WARN_ABOUT_RETURN_TYPE = YES;
				GCC_WARN_UNUSED_VARIABLE = YES;
				MACOSX_DEPLOYMENT_TARGET = 10.7;
				SDKROOT = macosx;
			};
			name = Release;
		};
		F81C798D152E88E1008BE8BF /* Debug */ = {
			isa = XCBuildConfiguration;
			buildSettings = {
				PRODUCT_NAME = pg_bin;
			};
			name = Debug;
		};
		F81C798E152E88E1008BE8BF /* Release */ = {
			isa = XCBuildConfiguration;
			buildSettings = {
				PRODUCT_NAME = pg_bin;
			};
			name = Release;
		};
/* End XCBuildConfiguration section */

/* Begin XCConfigurationList section */
		F81C7975152E8850008BE8BF /* Build configuration list for PBXProject "pg_bin" */ = {
			isa = XCConfigurationList;
			buildConfigurations = (
				F81C7978152E8850008BE8BF /* Debug */,
				F81C7979152E8850008BE8BF /* Release */,
			);
			defaultConfigurationIsVisible = 0;
			defaultConfigurationName = Release;
		};
		F81C798C152E88E1008BE8BF /* Build configuration list for PBXAggregateTarget "pg_bin" */ = {
			isa = XCConfigurationList;
			buildConfigurations = (
				F81C798D152E88E1008BE8BF /* Debug */,
				F81C798E152E88E1008BE8BF /* Release */,
			);
			defaultConfigurationIsVisible = 0;
			defaultConfigurationName = Release;
		};
/* End XCConfigurationList section */
	};
	rootObject = F81C7972152E8850008BE8BF /* Project object */;
}
